// !$*UTF8*$!
{
	archiveVersion = 1;
	classes = {
	};
	objectVersion = 46;
	objects = {

/* Begin PBXBuildFile section */
		D937575D1BD53C310081D32E /* NearController.swift in Sources */ = {isa = PBXBuildFile; fileRef = D937575C1BD53C310081D32E /* NearController.swift */; settings = {ASSET_TAGS = (); }; };
		D947136F1BD1EC0700108A8E /* liaoba.png in Resources */ = {isa = PBXBuildFile; fileRef = D947136E1BD1EC0700108A8E /* liaoba.png */; settings = {ASSET_TAGS = (); }; };
		D94713731BD27BEB00108A8E /* OneChargeController.swift in Sources */ = {isa = PBXBuildFile; fileRef = D94713721BD27BEB00108A8E /* OneChargeController.swift */; settings = {ASSET_TAGS = (); }; };
		D94713781BD2859400108A8E /* chargerecord.png in Resources */ = {isa = PBXBuildFile; fileRef = D94713741BD2859400108A8E /* chargerecord.png */; settings = {ASSET_TAGS = (); }; };
		D94713791BD2859400108A8E /* onecharge.png in Resources */ = {isa = PBXBuildFile; fileRef = D94713751BD2859400108A8E /* onecharge.png */; settings = {ASSET_TAGS = (); }; };
		D947137A1BD2859400108A8E /* problem.png in Resources */ = {isa = PBXBuildFile; fileRef = D94713761BD2859400108A8E /* problem.png */; settings = {ASSET_TAGS = (); }; };
		D947137B1BD2859400108A8E /* tencharge.png in Resources */ = {isa = PBXBuildFile; fileRef = D94713771BD2859400108A8E /* tencharge.png */; settings = {ASSET_TAGS = (); }; };
		D947137D1BD2995100108A8E /* tenchargepic.png in Resources */ = {isa = PBXBuildFile; fileRef = D947137C1BD2995100108A8E /* tenchargepic.png */; settings = {ASSET_TAGS = (); }; };
		D96473D91BD67D86008DA5B8 /* 资源.jpg in Resources */ = {isa = PBXBuildFile; fileRef = D96473D81BD67D86008DA5B8 /* 资源.jpg */; settings = {ASSET_TAGS = (); }; };
		D96473F21BD67E2E008DA5B8 /* 附近图标.png in Resources */ = {isa = PBXBuildFile; fileRef = D96473DA1BD67E2E008DA5B8 /* 附近图标.png */; settings = {ASSET_TAGS = (); }; };
		D96473F31BD67E2E008DA5B8 /* 附近图标@2x.png in Resources */ = {isa = PBXBuildFile; fileRef = D96473DB1BD67E2E008DA5B8 /* 附近图标@2x.png */; settings = {ASSET_TAGS = (); }; };
		D96473F41BD67E2E008DA5B8 /* 好友tab默认.png in Resources */ = {isa = PBXBuildFile; fileRef = D96473DC1BD67E2E008DA5B8 /* 好友tab默认.png */; settings = {ASSET_TAGS = (); }; };
		D96473F51BD67E2E008DA5B8 /* 好友tab默认@2x.png in Resources */ = {isa = PBXBuildFile; fileRef = D96473DD1BD67E2E008DA5B8 /* 好友tab默认@2x.png */; settings = {ASSET_TAGS = (); }; };
		D96473F61BD67E2E008DA5B8 /* 好友tab选中.png in Resources */ = {isa = PBXBuildFile; fileRef = D96473DE1BD67E2E008DA5B8 /* 好友tab选中.png */; settings = {ASSET_TAGS = (); }; };
		D96473F71BD67E2E008DA5B8 /* 好友tab选中@2x.png in Resources */ = {isa = PBXBuildFile; fileRef = D96473DF1BD67E2E008DA5B8 /* 好友tab选中@2x.png */; settings = {ASSET_TAGS = (); }; };
		D96473F81BD67E2E008DA5B8 /* 资源tba选中.png in Resources */ = {isa = PBXBuildFile; fileRef = D96473E01BD67E2E008DA5B8 /* 资源tba选中.png */; settings = {ASSET_TAGS = (); }; };
		D96473F91BD67E2E008DA5B8 /* 资源tba选中@2x.png in Resources */ = {isa = PBXBuildFile; fileRef = D96473E11BD67E2E008DA5B8 /* 资源tba选中@2x.png */; settings = {ASSET_TAGS = (); }; };
		D96473FA1BD67E2E008DA5B8 /* 资源tba默认.png in Resources */ = {isa = PBXBuildFile; fileRef = D96473E21BD67E2E008DA5B8 /* 资源tba默认.png */; settings = {ASSET_TAGS = (); }; };
		D96473FB1BD67E2E008DA5B8 /* 资源tba默认@2x.png in Resources */ = {isa = PBXBuildFile; fileRef = D96473E31BD67E2E008DA5B8 /* 资源tba默认@2x.png */; settings = {ASSET_TAGS = (); }; };
		D96473FC1BD67E2E008DA5B8 /* 聊吧图标.png in Resources */ = {isa = PBXBuildFile; fileRef = D96473E41BD67E2E008DA5B8 /* 聊吧图标.png */; settings = {ASSET_TAGS = (); }; };
		D96473FD1BD67E2E008DA5B8 /* 聊吧图标@2x.png in Resources */ = {isa = PBXBuildFile; fileRef = D96473E51BD67E2E008DA5B8 /* 聊吧图标@2x.png */; settings = {ASSET_TAGS = (); }; };
		D96473FE1BD67E2E008DA5B8 /* 抢红包图标.png in Resources */ = {isa = PBXBuildFile; fileRef = D96473E61BD67E2E008DA5B8 /* 抢红包图标.png */; settings = {ASSET_TAGS = (); }; };
		D96473FF1BD67E2E008DA5B8 /* 抢红包图标@2x.png in Resources */ = {isa = PBXBuildFile; fileRef = D96473E71BD67E2E008DA5B8 /* 抢红包图标@2x.png */; settings = {ASSET_TAGS = (); }; };
		D96474001BD67E2E008DA5B8 /* 我tab默认.png in Resources */ = {isa = PBXBuildFile; fileRef = D96473E81BD67E2E008DA5B8 /* 我tab默认.png */; settings = {ASSET_TAGS = (); }; };
		D96474011BD67E2E008DA5B8 /* 我tab默认@2x.png in Resources */ = {isa = PBXBuildFile; fileRef = D96473E91BD67E2E008DA5B8 /* 我tab默认@2x.png */; settings = {ASSET_TAGS = (); }; };
		D96474021BD67E2E008DA5B8 /* 我tab选中.png in Resources */ = {isa = PBXBuildFile; fileRef = D96473EA1BD67E2E008DA5B8 /* 我tab选中.png */; settings = {ASSET_TAGS = (); }; };
		D96474031BD67E2E008DA5B8 /* 我tab选中@2x.png in Resources */ = {isa = PBXBuildFile; fileRef = D96473EB1BD67E2E008DA5B8 /* 我tab选中@2x.png */; settings = {ASSET_TAGS = (); }; };
		D96474041BD67E2E008DA5B8 /* 消息tab默认.png in Resources */ = {isa = PBXBuildFile; fileRef = D96473EC1BD67E2E008DA5B8 /* 消息tab默认.png */; settings = {ASSET_TAGS = (); }; };
		D96474051BD67E2E008DA5B8 /* 消息tab默认@2x.png in Resources */ = {isa = PBXBuildFile; fileRef = D96473ED1BD67E2E008DA5B8 /* 消息tab默认@2x.png */; settings = {ASSET_TAGS = (); }; };
		D96474061BD67E2E008DA5B8 /* 消息tab选中.png in Resources */ = {isa = PBXBuildFile; fileRef = D96473EE1BD67E2E008DA5B8 /* 消息tab选中.png */; settings = {ASSET_TAGS = (); }; };
		D96474071BD67E2E008DA5B8 /* 消息tab选中@2x.png in Resources */ = {isa = PBXBuildFile; fileRef = D96473EF1BD67E2E008DA5B8 /* 消息tab选中@2x.png */; settings = {ASSET_TAGS = (); }; };
		D96474081BD67E2E008DA5B8 /* 一元夺宝图标.png in Resources */ = {isa = PBXBuildFile; fileRef = D96473F01BD67E2E008DA5B8 /* 一元夺宝图标.png */; settings = {ASSET_TAGS = (); }; };
		D96474091BD67E2E008DA5B8 /* 一元夺宝图标@2x.png in Resources */ = {isa = PBXBuildFile; fileRef = D96473F11BD67E2E008DA5B8 /* 一元夺宝图标@2x.png */; settings = {ASSET_TAGS = (); }; };
		D976523B1BB039950031C21D /* libEaseMobClientSDK.a in Frameworks */ = {isa = PBXBuildFile; fileRef = D97652391BB039950031C21D /* libEaseMobClientSDK.a */; settings = {ASSET_TAGS = (); }; };
		D976523C1BB039950031C21D /* libEaseMobClientSDKLite.a in Frameworks */ = {isa = PBXBuildFile; fileRef = D976523A1BB039950031C21D /* libEaseMobClientSDKLite.a */; settings = {ASSET_TAGS = (); }; };
		D97A8C151BAADFA0002645F9 /* AppDelegate.swift in Sources */ = {isa = PBXBuildFile; fileRef = D97A8C141BAADFA0002645F9 /* AppDelegate.swift */; };
		D97A8C1A1BAADFA0002645F9 /* Main.storyboard in Resources */ = {isa = PBXBuildFile; fileRef = D97A8C181BAADFA0002645F9 /* Main.storyboard */; };
		D97A8C1C1BAADFA0002645F9 /* Assets.xcassets in Resources */ = {isa = PBXBuildFile; fileRef = D97A8C1B1BAADFA0002645F9 /* Assets.xcassets */; };
		D97A8C1F1BAADFA0002645F9 /* LaunchScreen.storyboard in Resources */ = {isa = PBXBuildFile; fileRef = D97A8C1D1BAADFA0002645F9 /* LaunchScreen.storyboard */; };
		D97A8C271BAAE5A9002645F9 /* README.md in Sources */ = {isa = PBXBuildFile; fileRef = D97A8C261BAAE5A9002645F9 /* README.md */; settings = {ASSET_TAGS = (); }; };
		D995065A1BB3817300CA9B2E /* ChatController.swift in Sources */ = {isa = PBXBuildFile; fileRef = D99506551BB3817300CA9B2E /* ChatController.swift */; settings = {ASSET_TAGS = (); }; };
		D995065B1BB3817300CA9B2E /* FriendController.swift in Sources */ = {isa = PBXBuildFile; fileRef = D99506561BB3817300CA9B2E /* FriendController.swift */; settings = {ASSET_TAGS = (); }; };
		D995065C1BB3817300CA9B2E /* LoginViewController.swift in Sources */ = {isa = PBXBuildFile; fileRef = D99506571BB3817300CA9B2E /* LoginViewController.swift */; settings = {ASSET_TAGS = (); }; };
		D995065D1BB3817300CA9B2E /* MessageController.swift in Sources */ = {isa = PBXBuildFile; fileRef = D99506581BB3817300CA9B2E /* MessageController.swift */; settings = {ASSET_TAGS = (); }; };
		D995065E1BB3817300CA9B2E /* ResourceController.swift in Sources */ = {isa = PBXBuildFile; fileRef = D99506591BB3817300CA9B2E /* ResourceController.swift */; settings = {ASSET_TAGS = (); }; };
		D99506661BB3817D00CA9B2E /* ChatCell.swift in Sources */ = {isa = PBXBuildFile; fileRef = D99506601BB3817D00CA9B2E /* ChatCell.swift */; settings = {ASSET_TAGS = (); }; };
		D99506671BB3817D00CA9B2E /* FriendCell.swift in Sources */ = {isa = PBXBuildFile; fileRef = D99506611BB3817D00CA9B2E /* FriendCell.swift */; settings = {ASSET_TAGS = (); }; };
		D99506681BB3817D00CA9B2E /* MessageItem.swift in Sources */ = {isa = PBXBuildFile; fileRef = D99506621BB3817D00CA9B2E /* MessageItem.swift */; settings = {ASSET_TAGS = (); }; };
		D99506691BB3817D00CA9B2E /* pinyin.c in Sources */ = {isa = PBXBuildFile; fileRef = D99506631BB3817D00CA9B2E /* pinyin.c */; settings = {ASSET_TAGS = (); }; };
		D995066A1BB3817D00CA9B2E /* UserModel.swift in Sources */ = {isa = PBXBuildFile; fileRef = D99506651BB3817D00CA9B2E /* UserModel.swift */; settings = {ASSET_TAGS = (); }; };
		D9B1901A1BACE2050077EA76 /* login_bg.jpg in Resources */ = {isa = PBXBuildFile; fileRef = D9B190191BACE2050077EA76 /* login_bg.jpg */; settings = {ASSET_TAGS = (); }; };
		D9B191041BACE8B60077EA76 /* loadscreen.jpeg in Resources */ = {isa = PBXBuildFile; fileRef = D9B191021BACE8B60077EA76 /* loadscreen.jpeg */; settings = {ASSET_TAGS = (); }; };
		D9B191051BACE8B60077EA76 /* login.jpg in Resources */ = {isa = PBXBuildFile; fileRef = D9B191031BACE8B60077EA76 /* login.jpg */; settings = {ASSET_TAGS = (); }; };
		D9B1910A1BAE3AEC0077EA76 /* password.png in Resources */ = {isa = PBXBuildFile; fileRef = D9B191081BAE3AEC0077EA76 /* password.png */; settings = {ASSET_TAGS = (); }; };
		D9B1910B1BAE3AEC0077EA76 /* username.png in Resources */ = {isa = PBXBuildFile; fileRef = D9B191091BAE3AEC0077EA76 /* username.png */; settings = {ASSET_TAGS = (); }; };
		D9B1962A1BAE711C0077EA76 /* EaseMob.bundle in Resources */ = {isa = PBXBuildFile; fileRef = D9B196271BAE711C0077EA76 /* EaseMob.bundle */; settings = {ASSET_TAGS = (); }; };
		D9B1962C1BAE71580077EA76 /* MobileCoreServices.framework in Frameworks */ = {isa = PBXBuildFile; fileRef = D9B1962B1BAE71580077EA76 /* MobileCoreServices.framework */; };
		D9B1962E1BAE71600077EA76 /* CFNetwork.framework in Frameworks */ = {isa = PBXBuildFile; fileRef = D9B1962D1BAE71600077EA76 /* CFNetwork.framework */; };
		D9B196301BAE717E0077EA76 /* libsqlite3.tbd in Frameworks */ = {isa = PBXBuildFile; fileRef = D9B1962F1BAE717E0077EA76 /* libsqlite3.tbd */; };
		D9B196321BAE71900077EA76 /* libstdc++.6.0.9.tbd in Frameworks */ = {isa = PBXBuildFile; fileRef = D9B196311BAE71900077EA76 /* libstdc++.6.0.9.tbd */; };
		D9B196341BAE719D0077EA76 /* libz.tbd in Frameworks */ = {isa = PBXBuildFile; fileRef = D9B196331BAE719D0077EA76 /* libz.tbd */; };
		D9B196361BAE71A50077EA76 /* libiconv.tbd in Frameworks */ = {isa = PBXBuildFile; fileRef = D9B196351BAE71A50077EA76 /* libiconv.tbd */; };
		D9B196381BAE71B10077EA76 /* libresolv.tbd in Frameworks */ = {isa = PBXBuildFile; fileRef = D9B196371BAE71B10077EA76 /* libresolv.tbd */; };
		D9B1963A1BAE71B90077EA76 /* libxml2.tbd in Frameworks */ = {isa = PBXBuildFile; fileRef = D9B196391BAE71B90077EA76 /* libxml2.tbd */; };
		D9B196421BAED6D10077EA76 /* liugang.png in Resources */ = {isa = PBXBuildFile; fileRef = D9B196411BAED6D10077EA76 /* liugang.png */; settings = {ASSET_TAGS = (); }; };
		D9D988C01BD7C8C200F53C74 /* 红包弹出窗.png in Resources */ = {isa = PBXBuildFile; fileRef = D9D988B61BD7C8C200F53C74 /* 红包弹出窗.png */; settings = {ASSET_TAGS = (); }; };
		D9D988C11BD7C8C200F53C74 /* 红包弹出窗@2x.png in Resources */ = {isa = PBXBuildFile; fileRef = D9D988B71BD7C8C200F53C74 /* 红包弹出窗@2x.png */; settings = {ASSET_TAGS = (); }; };
		D9D988C21BD7C8C200F53C74 /* 红包关闭按钮.png in Resources */ = {isa = PBXBuildFile; fileRef = D9D988B81BD7C8C200F53C74 /* 红包关闭按钮.png */; settings = {ASSET_TAGS = (); }; };
		D9D988C31BD7C8C200F53C74 /* 红包关闭按钮@2x.png in Resources */ = {isa = PBXBuildFile; fileRef = D9D988B91BD7C8C200F53C74 /* 红包关闭按钮@2x.png */; settings = {ASSET_TAGS = (); }; };
		D9D988C41BD7C8C200F53C74 /* 开始抢红包按钮.png in Resources */ = {isa = PBXBuildFile; fileRef = D9D988BA1BD7C8C200F53C74 /* 开始抢红包按钮.png */; settings = {ASSET_TAGS = (); }; };
		D9D988C51BD7C8C200F53C74 /* 开始抢红包按钮@2x.png in Resources */ = {isa = PBXBuildFile; fileRef = D9D988BB1BD7C8C200F53C74 /* 开始抢红包按钮@2x.png */; settings = {ASSET_TAGS = (); }; };
		D9D988C61BD7C8C200F53C74 /* 小喇叭图标.png in Resources */ = {isa = PBXBuildFile; fileRef = D9D988BC1BD7C8C200F53C74 /* 小喇叭图标.png */; settings = {ASSET_TAGS = (); }; };
		D9D988C71BD7C8C200F53C74 /* 小喇叭图标@2x.png in Resources */ = {isa = PBXBuildFile; fileRef = D9D988BD1BD7C8C200F53C74 /* 小喇叭图标@2x.png */; settings = {ASSET_TAGS = (); }; };
		D9D988C81BD7C8C200F53C74 /* 形状-55.png in Resources */ = {isa = PBXBuildFile; fileRef = D9D988BE1BD7C8C200F53C74 /* 形状-55.png */; settings = {ASSET_TAGS = (); }; };
		D9D988C91BD7C8C200F53C74 /* 形状-55@2x.png in Resources */ = {isa = PBXBuildFile; fileRef = D9D988BF1BD7C8C200F53C74 /* 形状-55@2x.png */; settings = {ASSET_TAGS = (); }; };
		D9D988CB1BD7C94800F53C74 /* GrabEnvelopeController.swift in Sources */ = {isa = PBXBuildFile; fileRef = D9D988CA1BD7C94800F53C74 /* GrabEnvelopeController.swift */; settings = {ASSET_TAGS = (); }; };
		D9D988CD1BD7CCB300F53C74 /* MainController.swift in Sources */ = {isa = PBXBuildFile; fileRef = D9D988CC1BD7CCB300F53C74 /* MainController.swift */; settings = {ASSET_TAGS = (); }; };
		D9FFE6EA1BB16D1700FFA187 /* near.png in Resources */ = {isa = PBXBuildFile; fileRef = D9FFE6E71BB16D1700FFA187 /* near.png */; settings = {ASSET_TAGS = (); }; };
		D9FFE6EC1BB16D1700FFA187 /* yiyuan.png in Resources */ = {isa = PBXBuildFile; fileRef = D9FFE6E91BB16D1700FFA187 /* yiyuan.png */; settings = {ASSET_TAGS = (); }; };
		D9FFE6EE1BB16FFD00FFA187 /* qiang.png in Resources */ = {isa = PBXBuildFile; fileRef = D9FFE6ED1BB16FFD00FFA187 /* qiang.png */; settings = {ASSET_TAGS = (); }; };
		D9FFE6F01BB1749F00FFA187 /* settings.png in Resources */ = {isa = PBXBuildFile; fileRef = D9FFE6EF1BB1749F00FFA187 /* settings.png */; settings = {ASSET_TAGS = (); }; };
		D9FFE6F41BB175C200FFA187 /* collect.png in Resources */ = {isa = PBXBuildFile; fileRef = D9FFE6F11BB175C200FFA187 /* collect.png */; settings = {ASSET_TAGS = (); }; };
		D9FFE6F51BB175C200FFA187 /* money.png in Resources */ = {isa = PBXBuildFile; fileRef = D9FFE6F21BB175C200FFA187 /* money.png */; settings = {ASSET_TAGS = (); }; };
		D9FFE6F61BB175C200FFA187 /* phone.png in Resources */ = {isa = PBXBuildFile; fileRef = D9FFE6F31BB175C200FFA187 /* phone.png */; settings = {ASSET_TAGS = (); }; };
		D9FFE6F81BB1765400FFA187 /* envite.png in Resources */ = {isa = PBXBuildFile; fileRef = D9FFE6F71BB1765400FFA187 /* envite.png */; settings = {ASSET_TAGS = (); }; };
		D9FFE6FA1BB1771200FFA187 /* erwei.png in Resources */ = {isa = PBXBuildFile; fileRef = D9FFE6F91BB1771200FFA187 /* erwei.png */; settings = {ASSET_TAGS = (); }; };
/* End PBXBuildFile section */

/* Begin PBXFileReference section */
		D937575C1BD53C310081D32E /* NearController.swift */ = {isa = PBXFileReference; fileEncoding = 4; lastKnownFileType = sourcecode.swift; name = NearController.swift; path = Resources/NearController.swift; sourceTree = "<group>"; };
		D947136E1BD1EC0700108A8E /* liaoba.png */ = {isa = PBXFileReference; lastKnownFileType = image.png; path = liaoba.png; sourceTree = "<group>"; };
		D94713721BD27BEB00108A8E /* OneChargeController.swift */ = {isa = PBXFileReference; fileEncoding = 4; lastKnownFileType = sourcecode.swift; path = OneChargeController.swift; sourceTree = "<group>"; };
		D94713741BD2859400108A8E /* chargerecord.png */ = {isa = PBXFileReference; lastKnownFileType = image.png; path = chargerecord.png; sourceTree = "<group>"; };
		D94713751BD2859400108A8E /* onecharge.png */ = {isa = PBXFileReference; lastKnownFileType = image.png; path = onecharge.png; sourceTree = "<group>"; };
		D94713761BD2859400108A8E /* problem.png */ = {isa = PBXFileReference; lastKnownFileType = image.png; path = problem.png; sourceTree = "<group>"; };
		D94713771BD2859400108A8E /* tencharge.png */ = {isa = PBXFileReference; lastKnownFileType = image.png; path = tencharge.png; sourceTree = "<group>"; };
		D947137C1BD2995100108A8E /* tenchargepic.png */ = {isa = PBXFileReference; lastKnownFileType = image.png; path = tenchargepic.png; sourceTree = "<group>"; };
		D96473D81BD67D86008DA5B8 /* 资源.jpg */ = {isa = PBXFileReference; lastKnownFileType = image.jpeg; path = "资源.jpg"; sourceTree = "<group>"; };
		D96473DA1BD67E2E008DA5B8 /* 附近图标.png */ = {isa = PBXFileReference; lastKnownFileType = image.png; path = "附近图标.png"; sourceTree = "<group>"; };
		D96473DB1BD67E2E008DA5B8 /* 附近图标@2x.png */ = {isa = PBXFileReference; lastKnownFileType = image.png; path = "附近图标@2x.png"; sourceTree = "<group>"; };
		D96473DC1BD67E2E008DA5B8 /* 好友tab默认.png */ = {isa = PBXFileReference; lastKnownFileType = image.png; path = "好友tab默认.png"; sourceTree = "<group>"; };
		D96473DD1BD67E2E008DA5B8 /* 好友tab默认@2x.png */ = {isa = PBXFileReference; lastKnownFileType = image.png; path = "好友tab默认@2x.png"; sourceTree = "<group>"; };
		D96473DE1BD67E2E008DA5B8 /* 好友tab选中.png */ = {isa = PBXFileReference; lastKnownFileType = image.png; path = "好友tab选中.png"; sourceTree = "<group>"; };
		D96473DF1BD67E2E008DA5B8 /* 好友tab选中@2x.png */ = {isa = PBXFileReference; lastKnownFileType = image.png; path = "好友tab选中@2x.png"; sourceTree = "<group>"; };
		D96473E01BD67E2E008DA5B8 /* 资源tba选中.png */ = {isa = PBXFileReference; lastKnownFileType = image.png; path = "资源tba选中.png"; sourceTree = "<group>"; };
		D96473E11BD67E2E008DA5B8 /* 资源tba选中@2x.png */ = {isa = PBXFileReference; lastKnownFileType = image.png; path = "资源tba选中@2x.png"; sourceTree = "<group>"; };
		D96473E21BD67E2E008DA5B8 /* 资源tba默认.png */ = {isa = PBXFileReference; lastKnownFileType = image.png; path = "资源tba默认.png"; sourceTree = "<group>"; };
		D96473E31BD67E2E008DA5B8 /* 资源tba默认@2x.png */ = {isa = PBXFileReference; lastKnownFileType = image.png; path = "资源tba默认@2x.png"; sourceTree = "<group>"; };
		D96473E41BD67E2E008DA5B8 /* 聊吧图标.png */ = {isa = PBXFileReference; lastKnownFileType = image.png; path = "聊吧图标.png"; sourceTree = "<group>"; };
		D96473E51BD67E2E008DA5B8 /* 聊吧图标@2x.png */ = {isa = PBXFileReference; lastKnownFileType = image.png; path = "聊吧图标@2x.png"; sourceTree = "<group>"; };
		D96473E61BD67E2E008DA5B8 /* 抢红包图标.png */ = {isa = PBXFileReference; lastKnownFileType = image.png; path = "抢红包图标.png"; sourceTree = "<group>"; };
		D96473E71BD67E2E008DA5B8 /* 抢红包图标@2x.png */ = {isa = PBXFileReference; lastKnownFileType = image.png; path = "抢红包图标@2x.png"; sourceTree = "<group>"; };
		D96473E81BD67E2E008DA5B8 /* 我tab默认.png */ = {isa = PBXFileReference; lastKnownFileType = image.png; path = "我tab默认.png"; sourceTree = "<group>"; };
		D96473E91BD67E2E008DA5B8 /* 我tab默认@2x.png */ = {isa = PBXFileReference; lastKnownFileType = image.png; path = "我tab默认@2x.png"; sourceTree = "<group>"; };
		D96473EA1BD67E2E008DA5B8 /* 我tab选中.png */ = {isa = PBXFileReference; lastKnownFileType = image.png; path = "我tab选中.png"; sourceTree = "<group>"; };
		D96473EB1BD67E2E008DA5B8 /* 我tab选中@2x.png */ = {isa = PBXFileReference; lastKnownFileType = image.png; path = "我tab选中@2x.png"; sourceTree = "<group>"; };
		D96473EC1BD67E2E008DA5B8 /* 消息tab默认.png */ = {isa = PBXFileReference; lastKnownFileType = image.png; path = "消息tab默认.png"; sourceTree = "<group>"; };
		D96473ED1BD67E2E008DA5B8 /* 消息tab默认@2x.png */ = {isa = PBXFileReference; lastKnownFileType = image.png; path = "消息tab默认@2x.png"; sourceTree = "<group>"; };
		D96473EE1BD67E2E008DA5B8 /* 消息tab选中.png */ = {isa = PBXFileReference; lastKnownFileType = image.png; path = "消息tab选中.png"; sourceTree = "<group>"; };
		D96473EF1BD67E2E008DA5B8 /* 消息tab选中@2x.png */ = {isa = PBXFileReference; lastKnownFileType = image.png; path = "消息tab选中@2x.png"; sourceTree = "<group>"; };
		D96473F01BD67E2E008DA5B8 /* 一元夺宝图标.png */ = {isa = PBXFileReference; lastKnownFileType = image.png; path = "一元夺宝图标.png"; sourceTree = "<group>"; };
		D96473F11BD67E2E008DA5B8 /* 一元夺宝图标@2x.png */ = {isa = PBXFileReference; lastKnownFileType = image.png; path = "一元夺宝图标@2x.png"; sourceTree = "<group>"; };
		D97652391BB039950031C21D /* libEaseMobClientSDK.a */ = {isa = PBXFileReference; lastKnownFileType = archive.ar; path = libEaseMobClientSDK.a; sourceTree = "<group>"; };
		D976523A1BB039950031C21D /* libEaseMobClientSDKLite.a */ = {isa = PBXFileReference; lastKnownFileType = archive.ar; path = libEaseMobClientSDKLite.a; sourceTree = "<group>"; };
		D97A8C111BAADF9F002645F9 /* AllianceIOS.app */ = {isa = PBXFileReference; explicitFileType = wrapper.application; includeInIndex = 0; path = AllianceIOS.app; sourceTree = BUILT_PRODUCTS_DIR; };
		D97A8C141BAADFA0002645F9 /* AppDelegate.swift */ = {isa = PBXFileReference; lastKnownFileType = sourcecode.swift; path = AppDelegate.swift; sourceTree = "<group>"; };
		D97A8C191BAADFA0002645F9 /* Base */ = {isa = PBXFileReference; lastKnownFileType = file.storyboard; name = Base; path = Base.lproj/Main.storyboard; sourceTree = "<group>"; };
		D97A8C1B1BAADFA0002645F9 /* Assets.xcassets */ = {isa = PBXFileReference; lastKnownFileType = folder.assetcatalog; path = Assets.xcassets; sourceTree = "<group>"; };
		D97A8C1E1BAADFA0002645F9 /* Base */ = {isa = PBXFileReference; lastKnownFileType = file.storyboard; name = Base; path = Base.lproj/LaunchScreen.storyboard; sourceTree = "<group>"; };
		D97A8C201BAADFA0002645F9 /* Info.plist */ = {isa = PBXFileReference; lastKnownFileType = text.plist.xml; path = Info.plist; sourceTree = "<group>"; };
		D97A8C261BAAE5A9002645F9 /* README.md */ = {isa = PBXFileReference; fileEncoding = 4; lastKnownFileType = net.daringfireball.markdown; name = README.md; path = ../README.md; sourceTree = "<group>"; };
		D97CC1461BAAFA5700303FC2 /* AllianceIOS-Bridging-Header.h */ = {isa = PBXFileReference; lastKnownFileType = sourcecode.c.h; path = "AllianceIOS-Bridging-Header.h"; sourceTree = "<group>"; };
		D99506551BB3817300CA9B2E /* ChatController.swift */ = {isa = PBXFileReference; fileEncoding = 4; lastKnownFileType = sourcecode.swift; path = ChatController.swift; sourceTree = "<group>"; };
		D99506561BB3817300CA9B2E /* FriendController.swift */ = {isa = PBXFileReference; fileEncoding = 4; lastKnownFileType = sourcecode.swift; path = FriendController.swift; sourceTree = "<group>"; };
		D99506571BB3817300CA9B2E /* LoginViewController.swift */ = {isa = PBXFileReference; fileEncoding = 4; lastKnownFileType = sourcecode.swift; path = LoginViewController.swift; sourceTree = "<group>"; };
		D99506581BB3817300CA9B2E /* MessageController.swift */ = {isa = PBXFileReference; fileEncoding = 4; lastKnownFileType = sourcecode.swift; path = MessageController.swift; sourceTree = "<group>"; };
		D99506591BB3817300CA9B2E /* ResourceController.swift */ = {isa = PBXFileReference; fileEncoding = 4; lastKnownFileType = sourcecode.swift; path = ResourceController.swift; sourceTree = "<group>"; };
		D99506601BB3817D00CA9B2E /* ChatCell.swift */ = {isa = PBXFileReference; fileEncoding = 4; lastKnownFileType = sourcecode.swift; path = ChatCell.swift; sourceTree = "<group>"; };
		D99506611BB3817D00CA9B2E /* FriendCell.swift */ = {isa = PBXFileReference; fileEncoding = 4; lastKnownFileType = sourcecode.swift; path = FriendCell.swift; sourceTree = "<group>"; };
		D99506621BB3817D00CA9B2E /* MessageItem.swift */ = {isa = PBXFileReference; fileEncoding = 4; lastKnownFileType = sourcecode.swift; path = MessageItem.swift; sourceTree = "<group>"; };
		D99506631BB3817D00CA9B2E /* pinyin.c */ = {isa = PBXFileReference; fileEncoding = 4; lastKnownFileType = sourcecode.c.c; path = pinyin.c; sourceTree = "<group>"; };
		D99506641BB3817D00CA9B2E /* pinyin.h */ = {isa = PBXFileReference; fileEncoding = 4; lastKnownFileType = sourcecode.c.h; path = pinyin.h; sourceTree = "<group>"; };
		D99506651BB3817D00CA9B2E /* UserModel.swift */ = {isa = PBXFileReference; fileEncoding = 4; lastKnownFileType = sourcecode.swift; path = UserModel.swift; sourceTree = "<group>"; };
		D9B190191BACE2050077EA76 /* login_bg.jpg */ = {isa = PBXFileReference; lastKnownFileType = image.jpeg; path = login_bg.jpg; sourceTree = "<group>"; };
		D9B191021BACE8B60077EA76 /* loadscreen.jpeg */ = {isa = PBXFileReference; lastKnownFileType = image.jpeg; path = loadscreen.jpeg; sourceTree = "<group>"; };
		D9B191031BACE8B60077EA76 /* login.jpg */ = {isa = PBXFileReference; lastKnownFileType = image.jpeg; path = login.jpg; sourceTree = "<group>"; };
		D9B191081BAE3AEC0077EA76 /* password.png */ = {isa = PBXFileReference; lastKnownFileType = image.png; path = password.png; sourceTree = "<group>"; };
		D9B191091BAE3AEC0077EA76 /* username.png */ = {isa = PBXFileReference; lastKnownFileType = image.png; path = username.png; sourceTree = "<group>"; };
		D9B195BF1BAE711C0077EA76 /* EMCallManagerCallDelegate.h */ = {isa = PBXFileReference; fileEncoding = 4; lastKnownFileType = sourcecode.c.h; path = EMCallManagerCallDelegate.h; sourceTree = "<group>"; };
		D9B195C01BAE711C0077EA76 /* EMCallManagerDelegate.h */ = {isa = PBXFileReference; fileEncoding = 4; lastKnownFileType = sourcecode.c.h; path = EMCallManagerDelegate.h; sourceTree = "<group>"; };
		D9B195C11BAE711C0077EA76 /* EaseMob+CallService.h */ = {isa = PBXFileReference; fileEncoding = 4; lastKnownFileType = sourcecode.c.h; path = "EaseMob+CallService.h"; sourceTree = "<group>"; };
		D9B195C21BAE711C0077EA76 /* EMCallServiceDefs.h */ = {isa = PBXFileReference; fileEncoding = 4; lastKnownFileType = sourcecode.c.h; path = EMCallServiceDefs.h; sourceTree = "<group>"; };
		D9B195C31BAE711C0077EA76 /* ICallManager.h */ = {isa = PBXFileReference; fileEncoding = 4; lastKnownFileType = sourcecode.c.h; path = ICallManager.h; sourceTree = "<group>"; };
		D9B195C51BAE711C0077EA76 /* ICallManagerBase.h */ = {isa = PBXFileReference; fileEncoding = 4; lastKnownFileType = sourcecode.c.h; path = ICallManagerBase.h; sourceTree = "<group>"; };
		D9B195C61BAE711C0077EA76 /* ICallManagerCall.h */ = {isa = PBXFileReference; fileEncoding = 4; lastKnownFileType = sourcecode.c.h; path = ICallManagerCall.h; sourceTree = "<group>"; };
		D9B195C81BAE711C0077EA76 /* EMCallSession.h */ = {isa = PBXFileReference; fileEncoding = 4; lastKnownFileType = sourcecode.c.h; path = EMCallSession.h; sourceTree = "<group>"; };
		D9B195C91BAE711C0077EA76 /* IOpenGLView.h */ = {isa = PBXFileReference; fileEncoding = 4; lastKnownFileType = sourcecode.c.h; path = IOpenGLView.h; sourceTree = "<group>"; };
		D9B195CA1BAE711C0077EA76 /* OpenGLView20.h */ = {isa = PBXFileReference; fileEncoding = 4; lastKnownFileType = sourcecode.c.h; path = OpenGLView20.h; sourceTree = "<group>"; };
		D9B195CE1BAE711C0077EA76 /* IChatManagerDelegate.h */ = {isa = PBXFileReference; fileEncoding = 4; lastKnownFileType = sourcecode.c.h; path = IChatManagerDelegate.h; sourceTree = "<group>"; };
		D9B195D01BAE711C0077EA76 /* EMChatManagerBuddyDelegate.h */ = {isa = PBXFileReference; fileEncoding = 4; lastKnownFileType = sourcecode.c.h; path = EMChatManagerBuddyDelegate.h; sourceTree = "<group>"; };
		D9B195D11BAE711C0077EA76 /* EMChatManagerChatDelegate.h */ = {isa = PBXFileReference; fileEncoding = 4; lastKnownFileType = sourcecode.c.h; path = EMChatManagerChatDelegate.h; sourceTree = "<group>"; };
		D9B195D21BAE711C0077EA76 /* EMChatManagerChatroomDelegate.h */ = {isa = PBXFileReference; fileEncoding = 4; lastKnownFileType = sourcecode.c.h; path = EMChatManagerChatroomDelegate.h; sourceTree = "<group>"; };
		D9B195D31BAE711C0077EA76 /* EMChatManagerDelegate.h */ = {isa = PBXFileReference; fileEncoding = 4; lastKnownFileType = sourcecode.c.h; path = EMChatManagerDelegate.h; sourceTree = "<group>"; };
		D9B195D41BAE711C0077EA76 /* EMChatManagerDelegateBase.h */ = {isa = PBXFileReference; fileEncoding = 4; lastKnownFileType = sourcecode.c.h; path = EMChatManagerDelegateBase.h; sourceTree = "<group>"; };
		D9B195D51BAE711C0077EA76 /* EMChatManagerEncryptionDelegate.h */ = {isa = PBXFileReference; fileEncoding = 4; lastKnownFileType = sourcecode.c.h; path = EMChatManagerEncryptionDelegate.h; sourceTree = "<group>"; };
		D9B195D61BAE711C0077EA76 /* EMChatManagerGroupDelegate.h */ = {isa = PBXFileReference; fileEncoding = 4; lastKnownFileType = sourcecode.c.h; path = EMChatManagerGroupDelegate.h; sourceTree = "<group>"; };
		D9B195D71BAE711C0077EA76 /* EMChatManagerLoginDelegate.h */ = {isa = PBXFileReference; fileEncoding = 4; lastKnownFileType = sourcecode.c.h; path = EMChatManagerLoginDelegate.h; sourceTree = "<group>"; };
		D9B195D81BAE711C0077EA76 /* EMChatManagerPushNotificationDelegate.h */ = {isa = PBXFileReference; fileEncoding = 4; lastKnownFileType = sourcecode.c.h; path = EMChatManagerPushNotificationDelegate.h; sourceTree = "<group>"; };
		D9B195D91BAE711C0077EA76 /* EMChatManagerUtilDelegate.h */ = {isa = PBXFileReference; fileEncoding = 4; lastKnownFileType = sourcecode.c.h; path = EMChatManagerUtilDelegate.h; sourceTree = "<group>"; };
		D9B195DA1BAE711C0077EA76 /* EMChatManagerDefs.h */ = {isa = PBXFileReference; fileEncoding = 4; lastKnownFileType = sourcecode.c.h; path = EMChatManagerDefs.h; sourceTree = "<group>"; };
		D9B195DB1BAE711C0077EA76 /* EMGroupManagerDefs.h */ = {isa = PBXFileReference; fileEncoding = 4; lastKnownFileType = sourcecode.c.h; path = EMGroupManagerDefs.h; sourceTree = "<group>"; };
		D9B195DC1BAE711C0077EA76 /* EMPushManagerDefs.h */ = {isa = PBXFileReference; fileEncoding = 4; lastKnownFileType = sourcecode.c.h; path = EMPushManagerDefs.h; sourceTree = "<group>"; };
		D9B195DD1BAE711C0077EA76 /* IChatManager.h */ = {isa = PBXFileReference; fileEncoding = 4; lastKnownFileType = sourcecode.c.h; path = IChatManager.h; sourceTree = "<group>"; };
		D9B195DF1BAE711C0077EA76 /* IChatManagerBase.h */ = {isa = PBXFileReference; fileEncoding = 4; lastKnownFileType = sourcecode.c.h; path = IChatManagerBase.h; sourceTree = "<group>"; };
		D9B195E01BAE711C0077EA76 /* IChatManagerBuddy.h */ = {isa = PBXFileReference; fileEncoding = 4; lastKnownFileType = sourcecode.c.h; path = IChatManagerBuddy.h; sourceTree = "<group>"; };
		D9B195E11BAE711C0077EA76 /* IChatManagerChat.h */ = {isa = PBXFileReference; fileEncoding = 4; lastKnownFileType = sourcecode.c.h; path = IChatManagerChat.h; sourceTree = "<group>"; };
		D9B195E21BAE711C0077EA76 /* IChatManagerChatroom.h */ = {isa = PBXFileReference; fileEncoding = 4; lastKnownFileType = sourcecode.c.h; path = IChatManagerChatroom.h; sourceTree = "<group>"; };
		D9B195E31BAE711C0077EA76 /* IChatManagerConversation.h */ = {isa = PBXFileReference; fileEncoding = 4; lastKnownFileType = sourcecode.c.h; path = IChatManagerConversation.h; sourceTree = "<group>"; };
		D9B195E41BAE711C0077EA76 /* IChatManagerEncryption.h */ = {isa = PBXFileReference; fileEncoding = 4; lastKnownFileType = sourcecode.c.h; path = IChatManagerEncryption.h; sourceTree = "<group>"; };
		D9B195E51BAE711C0077EA76 /* IChatManagerGroup.h */ = {isa = PBXFileReference; fileEncoding = 4; lastKnownFileType = sourcecode.c.h; path = IChatManagerGroup.h; sourceTree = "<group>"; };
		D9B195E61BAE711C0077EA76 /* IChatManagerLogin.h */ = {isa = PBXFileReference; fileEncoding = 4; lastKnownFileType = sourcecode.c.h; path = IChatManagerLogin.h; sourceTree = "<group>"; };
		D9B195E71BAE711C0077EA76 /* IChatManagerPushNotification.h */ = {isa = PBXFileReference; fileEncoding = 4; lastKnownFileType = sourcecode.c.h; path = IChatManagerPushNotification.h; sourceTree = "<group>"; };
		D9B195E81BAE711C0077EA76 /* IChatManagerRobot.h */ = {isa = PBXFileReference; fileEncoding = 4; lastKnownFileType = sourcecode.c.h; path = IChatManagerRobot.h; sourceTree = "<group>"; };
		D9B195E91BAE711C0077EA76 /* IChatManagerSettingOptions.h */ = {isa = PBXFileReference; fileEncoding = 4; lastKnownFileType = sourcecode.c.h; path = IChatManagerSettingOptions.h; sourceTree = "<group>"; };
		D9B195EA1BAE711C0077EA76 /* IChatManagerUtil.h */ = {isa = PBXFileReference; fileEncoding = 4; lastKnownFileType = sourcecode.c.h; path = IChatManagerUtil.h; sourceTree = "<group>"; };
		D9B195EC1BAE711C0077EA76 /* EMBuddy.h */ = {isa = PBXFileReference; fileEncoding = 4; lastKnownFileType = sourcecode.c.h; path = EMBuddy.h; sourceTree = "<group>"; };
		D9B195ED1BAE711C0077EA76 /* EMChatCommand.h */ = {isa = PBXFileReference; fileEncoding = 4; lastKnownFileType = sourcecode.c.h; path = EMChatCommand.h; sourceTree = "<group>"; };
		D9B195EE1BAE711C0077EA76 /* EMChatFile.h */ = {isa = PBXFileReference; fileEncoding = 4; lastKnownFileType = sourcecode.c.h; path = EMChatFile.h; sourceTree = "<group>"; };
		D9B195EF1BAE711C0077EA76 /* EMChatImage.h */ = {isa = PBXFileReference; fileEncoding = 4; lastKnownFileType = sourcecode.c.h; path = EMChatImage.h; sourceTree = "<group>"; };
		D9B195F01BAE711C0077EA76 /* EMChatLocation.h */ = {isa = PBXFileReference; fileEncoding = 4; lastKnownFileType = sourcecode.c.h; path = EMChatLocation.h; sourceTree = "<group>"; };
		D9B195F11BAE711C0077EA76 /* EMChatroom.h */ = {isa = PBXFileReference; fileEncoding = 4; lastKnownFileType = sourcecode.c.h; path = EMChatroom.h; sourceTree = "<group>"; };
		D9B195F21BAE711C0077EA76 /* EMChatText.h */ = {isa = PBXFileReference; fileEncoding = 4; lastKnownFileType = sourcecode.c.h; path = EMChatText.h; sourceTree = "<group>"; };
		D9B195F31BAE711C0077EA76 /* EMChatVideo.h */ = {isa = PBXFileReference; fileEncoding = 4; lastKnownFileType = sourcecode.c.h; path = EMChatVideo.h; sourceTree = "<group>"; };
		D9B195F41BAE711C0077EA76 /* EMChatVoice.h */ = {isa = PBXFileReference; fileEncoding = 4; lastKnownFileType = sourcecode.c.h; path = EMChatVoice.h; sourceTree = "<group>"; };
		D9B195F51BAE711C0077EA76 /* EMCommandMessageBody.h */ = {isa = PBXFileReference; fileEncoding = 4; lastKnownFileType = sourcecode.c.h; path = EMCommandMessageBody.h; sourceTree = "<group>"; };
		D9B195F61BAE711C0077EA76 /* EMConversation.h */ = {isa = PBXFileReference; fileEncoding = 4; lastKnownFileType = sourcecode.c.h; path = EMConversation.h; sourceTree = "<group>"; };
		D9B195F71BAE711C0077EA76 /* EMCursorResult.h */ = {isa = PBXFileReference; fileEncoding = 4; lastKnownFileType = sourcecode.c.h; path = EMCursorResult.h; sourceTree = "<group>"; };
		D9B195F81BAE711C0077EA76 /* EMFileMessageBody.h */ = {isa = PBXFileReference; fileEncoding = 4; lastKnownFileType = sourcecode.c.h; path = EMFileMessageBody.h; sourceTree = "<group>"; };
		D9B195F91BAE711C0077EA76 /* EMGroup.h */ = {isa = PBXFileReference; fileEncoding = 4; lastKnownFileType = sourcecode.c.h; path = EMGroup.h; sourceTree = "<group>"; };
		D9B195FA1BAE711C0077EA76 /* EMGroupStyleSetting.h */ = {isa = PBXFileReference; fileEncoding = 4; lastKnownFileType = sourcecode.c.h; path = EMGroupStyleSetting.h; sourceTree = "<group>"; };
		D9B195FB1BAE711C0077EA76 /* EMImageMessageBody.h */ = {isa = PBXFileReference; fileEncoding = 4; lastKnownFileType = sourcecode.c.h; path = EMImageMessageBody.h; sourceTree = "<group>"; };
		D9B195FC1BAE711C0077EA76 /* EMLocationMessageBody.h */ = {isa = PBXFileReference; fileEncoding = 4; lastKnownFileType = sourcecode.c.h; path = EMLocationMessageBody.h; sourceTree = "<group>"; };
		D9B195FD1BAE711C0077EA76 /* EMMessage.h */ = {isa = PBXFileReference; fileEncoding = 4; lastKnownFileType = sourcecode.c.h; path = EMMessage.h; sourceTree = "<group>"; };
		D9B195FE1BAE711C0077EA76 /* EMPushNotificationOptions.h */ = {isa = PBXFileReference; fileEncoding = 4; lastKnownFileType = sourcecode.c.h; path = EMPushNotificationOptions.h; sourceTree = "<group>"; };
		D9B195FF1BAE711C0077EA76 /* EMReceipt.h */ = {isa = PBXFileReference; fileEncoding = 4; lastKnownFileType = sourcecode.c.h; path = EMReceipt.h; sourceTree = "<group>"; };
		D9B196001BAE711C0077EA76 /* EMReceiptBase.h */ = {isa = PBXFileReference; fileEncoding = 4; lastKnownFileType = sourcecode.c.h; path = EMReceiptBase.h; sourceTree = "<group>"; };
		D9B196011BAE711C0077EA76 /* EMRobot.h */ = {isa = PBXFileReference; fileEncoding = 4; lastKnownFileType = sourcecode.c.h; path = EMRobot.h; sourceTree = "<group>"; };
		D9B196021BAE711C0077EA76 /* EMTextMessageBody.h */ = {isa = PBXFileReference; fileEncoding = 4; lastKnownFileType = sourcecode.c.h; path = EMTextMessageBody.h; sourceTree = "<group>"; };
		D9B196031BAE711C0077EA76 /* EMVideoMessageBody.h */ = {isa = PBXFileReference; fileEncoding = 4; lastKnownFileType = sourcecode.c.h; path = EMVideoMessageBody.h; sourceTree = "<group>"; };
		D9B196041BAE711C0077EA76 /* EMVoiceMessageBody.h */ = {isa = PBXFileReference; fileEncoding = 4; lastKnownFileType = sourcecode.c.h; path = EMVoiceMessageBody.h; sourceTree = "<group>"; };
		D9B196051BAE711C0077EA76 /* IChatImageOptions.h */ = {isa = PBXFileReference; fileEncoding = 4; lastKnownFileType = sourcecode.c.h; path = IChatImageOptions.h; sourceTree = "<group>"; };
		D9B196061BAE711C0077EA76 /* IEMChatCryptor.h */ = {isa = PBXFileReference; fileEncoding = 4; lastKnownFileType = sourcecode.c.h; path = IEMChatCryptor.h; sourceTree = "<group>"; };
		D9B196071BAE711C0077EA76 /* IEMChatFile.h */ = {isa = PBXFileReference; fileEncoding = 4; lastKnownFileType = sourcecode.c.h; path = IEMChatFile.h; sourceTree = "<group>"; };
		D9B196081BAE711C0077EA76 /* IEMChatObject.h */ = {isa = PBXFileReference; fileEncoding = 4; lastKnownFileType = sourcecode.c.h; path = IEMChatObject.h; sourceTree = "<group>"; };
		D9B196091BAE711C0077EA76 /* IEMChatProgressDelegate.h */ = {isa = PBXFileReference; fileEncoding = 4; lastKnownFileType = sourcecode.c.h; path = IEMChatProgressDelegate.h; sourceTree = "<group>"; };
		D9B1960A1BAE711C0077EA76 /* IEMFileMessageBody.h */ = {isa = PBXFileReference; fileEncoding = 4; lastKnownFileType = sourcecode.c.h; path = IEMFileMessageBody.h; sourceTree = "<group>"; };
		D9B1960B1BAE711C0077EA76 /* IEMMessageBody.h */ = {isa = PBXFileReference; fileEncoding = 4; lastKnownFileType = sourcecode.c.h; path = IEMMessageBody.h; sourceTree = "<group>"; };
		D9B1960D1BAE711C0077EA76 /* EaseMob.h */ = {isa = PBXFileReference; fileEncoding = 4; lastKnownFileType = sourcecode.c.h; path = EaseMob.h; sourceTree = "<group>"; };
		D9B1960E1BAE711C0077EA76 /* EaseMobHeaders.h */ = {isa = PBXFileReference; fileEncoding = 4; lastKnownFileType = sourcecode.c.h; path = EaseMobHeaders.h; sourceTree = "<group>"; };
		D9B196101BAE711C0077EA76 /* EaseMob.h */ = {isa = PBXFileReference; fileEncoding = 4; lastKnownFileType = sourcecode.c.h; path = EaseMob.h; sourceTree = "<group>"; };
		D9B196111BAE711C0077EA76 /* EaseMobHeaders.h */ = {isa = PBXFileReference; fileEncoding = 4; lastKnownFileType = sourcecode.c.h; path = EaseMobHeaders.h; sourceTree = "<group>"; };
		D9B196131BAE711C0077EA76 /* commonDefs.h */ = {isa = PBXFileReference; fileEncoding = 4; lastKnownFileType = sourcecode.c.h; path = commonDefs.h; sourceTree = "<group>"; };
		D9B196161BAE711C0077EA76 /* IDeviceManagerDelegate.h */ = {isa = PBXFileReference; fileEncoding = 4; lastKnownFileType = sourcecode.c.h; path = IDeviceManagerDelegate.h; sourceTree = "<group>"; };
		D9B196181BAE711C0077EA76 /* EMDeviceManagerDelegate.h */ = {isa = PBXFileReference; fileEncoding = 4; lastKnownFileType = sourcecode.c.h; path = EMDeviceManagerDelegate.h; sourceTree = "<group>"; };
		D9B196191BAE711C0077EA76 /* EMDeviceManagerDelegateBase.h */ = {isa = PBXFileReference; fileEncoding = 4; lastKnownFileType = sourcecode.c.h; path = EMDeviceManagerDelegateBase.h; sourceTree = "<group>"; };
		D9B1961A1BAE711C0077EA76 /* EMDeviceManagerNetworkDelegate.h */ = {isa = PBXFileReference; fileEncoding = 4; lastKnownFileType = sourcecode.c.h; path = EMDeviceManagerNetworkDelegate.h; sourceTree = "<group>"; };
		D9B1961B1BAE711C0077EA76 /* EMDeviceManagerDefs.h */ = {isa = PBXFileReference; fileEncoding = 4; lastKnownFileType = sourcecode.c.h; path = EMDeviceManagerDefs.h; sourceTree = "<group>"; };
		D9B1961C1BAE711C0077EA76 /* IDeviceManager.h */ = {isa = PBXFileReference; fileEncoding = 4; lastKnownFileType = sourcecode.c.h; path = IDeviceManager.h; sourceTree = "<group>"; };
		D9B1961E1BAE711C0077EA76 /* IDeviceManagerBase.h */ = {isa = PBXFileReference; fileEncoding = 4; lastKnownFileType = sourcecode.c.h; path = IDeviceManagerBase.h; sourceTree = "<group>"; };
		D9B1961F1BAE711C0077EA76 /* EMNetworkMonitorDefs.h */ = {isa = PBXFileReference; fileEncoding = 4; lastKnownFileType = sourcecode.c.h; path = EMNetworkMonitorDefs.h; sourceTree = "<group>"; };
		D9B196211BAE711C0077EA76 /* EMError.h */ = {isa = PBXFileReference; fileEncoding = 4; lastKnownFileType = sourcecode.c.h; path = EMError.h; sourceTree = "<group>"; };
		D9B196221BAE711C0077EA76 /* EMErrorDefs.h */ = {isa = PBXFileReference; fileEncoding = 4; lastKnownFileType = sourcecode.c.h; path = EMErrorDefs.h; sourceTree = "<group>"; };
		D9B196271BAE711C0077EA76 /* EaseMob.bundle */ = {isa = PBXFileReference; lastKnownFileType = "wrapper.plug-in"; path = EaseMob.bundle; sourceTree = "<group>"; };
		D9B1962B1BAE71580077EA76 /* MobileCoreServices.framework */ = {isa = PBXFileReference; lastKnownFileType = wrapper.framework; name = MobileCoreServices.framework; path = System/Library/Frameworks/MobileCoreServices.framework; sourceTree = SDKROOT; };
		D9B1962D1BAE71600077EA76 /* CFNetwork.framework */ = {isa = PBXFileReference; lastKnownFileType = wrapper.framework; name = CFNetwork.framework; path = System/Library/Frameworks/CFNetwork.framework; sourceTree = SDKROOT; };
		D9B1962F1BAE717E0077EA76 /* libsqlite3.tbd */ = {isa = PBXFileReference; lastKnownFileType = "sourcecode.text-based-dylib-definition"; name = libsqlite3.tbd; path = usr/lib/libsqlite3.tbd; sourceTree = SDKROOT; };
		D9B196311BAE71900077EA76 /* libstdc++.6.0.9.tbd */ = {isa = PBXFileReference; lastKnownFileType = "sourcecode.text-based-dylib-definition"; name = "libstdc++.6.0.9.tbd"; path = "usr/lib/libstdc++.6.0.9.tbd"; sourceTree = SDKROOT; };
		D9B196331BAE719D0077EA76 /* libz.tbd */ = {isa = PBXFileReference; lastKnownFileType = "sourcecode.text-based-dylib-definition"; name = libz.tbd; path = usr/lib/libz.tbd; sourceTree = SDKROOT; };
		D9B196351BAE71A50077EA76 /* libiconv.tbd */ = {isa = PBXFileReference; lastKnownFileType = "sourcecode.text-based-dylib-definition"; name = libiconv.tbd; path = usr/lib/libiconv.tbd; sourceTree = SDKROOT; };
		D9B196371BAE71B10077EA76 /* libresolv.tbd */ = {isa = PBXFileReference; lastKnownFileType = "sourcecode.text-based-dylib-definition"; name = libresolv.tbd; path = usr/lib/libresolv.tbd; sourceTree = SDKROOT; };
		D9B196391BAE71B90077EA76 /* libxml2.tbd */ = {isa = PBXFileReference; lastKnownFileType = "sourcecode.text-based-dylib-definition"; name = libxml2.tbd; path = usr/lib/libxml2.tbd; sourceTree = SDKROOT; };
		D9B196411BAED6D10077EA76 /* liugang.png */ = {isa = PBXFileReference; lastKnownFileType = image.png; path = liugang.png; sourceTree = "<group>"; };
		D9D988B61BD7C8C200F53C74 /* 红包弹出窗.png */ = {isa = PBXFileReference; lastKnownFileType = image.png; path = "红包弹出窗.png"; sourceTree = "<group>"; };
		D9D988B71BD7C8C200F53C74 /* 红包弹出窗@2x.png */ = {isa = PBXFileReference; lastKnownFileType = image.png; path = "红包弹出窗@2x.png"; sourceTree = "<group>"; };
		D9D988B81BD7C8C200F53C74 /* 红包关闭按钮.png */ = {isa = PBXFileReference; lastKnownFileType = image.png; path = "红包关闭按钮.png"; sourceTree = "<group>"; };
		D9D988B91BD7C8C200F53C74 /* 红包关闭按钮@2x.png */ = {isa = PBXFileReference; lastKnownFileType = image.png; path = "红包关闭按钮@2x.png"; sourceTree = "<group>"; };
		D9D988BA1BD7C8C200F53C74 /* 开始抢红包按钮.png */ = {isa = PBXFileReference; lastKnownFileType = image.png; path = "开始抢红包按钮.png"; sourceTree = "<group>"; };
		D9D988BB1BD7C8C200F53C74 /* 开始抢红包按钮@2x.png */ = {isa = PBXFileReference; lastKnownFileType = image.png; path = "开始抢红包按钮@2x.png"; sourceTree = "<group>"; };
		D9D988BC1BD7C8C200F53C74 /* 小喇叭图标.png */ = {isa = PBXFileReference; lastKnownFileType = image.png; path = "小喇叭图标.png"; sourceTree = "<group>"; };
		D9D988BD1BD7C8C200F53C74 /* 小喇叭图标@2x.png */ = {isa = PBXFileReference; lastKnownFileType = image.png; path = "小喇叭图标@2x.png"; sourceTree = "<group>"; };
		D9D988BE1BD7C8C200F53C74 /* 形状-55.png */ = {isa = PBXFileReference; lastKnownFileType = image.png; path = "形状-55.png"; sourceTree = "<group>"; };
		D9D988BF1BD7C8C200F53C74 /* 形状-55@2x.png */ = {isa = PBXFileReference; lastKnownFileType = image.png; path = "形状-55@2x.png"; sourceTree = "<group>"; };
		D9D988CA1BD7C94800F53C74 /* GrabEnvelopeController.swift */ = {isa = PBXFileReference; fileEncoding = 4; lastKnownFileType = sourcecode.swift; name = GrabEnvelopeController.swift; path = Resources/GrabEnvelopeController.swift; sourceTree = "<group>"; };
		D9D988CC1BD7CCB300F53C74 /* MainController.swift */ = {isa = PBXFileReference; fileEncoding = 4; lastKnownFileType = sourcecode.swift; path = MainController.swift; sourceTree = "<group>"; };
		D9FFE6E71BB16D1700FFA187 /* near.png */ = {isa = PBXFileReference; lastKnownFileType = image.png; path = near.png; sourceTree = "<group>"; };
		D9FFE6E91BB16D1700FFA187 /* yiyuan.png */ = {isa = PBXFileReference; lastKnownFileType = image.png; path = yiyuan.png; sourceTree = "<group>"; };
		D9FFE6ED1BB16FFD00FFA187 /* qiang.png */ = {isa = PBXFileReference; lastKnownFileType = image.png; path = qiang.png; sourceTree = "<group>"; };
		D9FFE6EF1BB1749F00FFA187 /* settings.png */ = {isa = PBXFileReference; lastKnownFileType = image.png; path = settings.png; sourceTree = "<group>"; };
		D9FFE6F11BB175C200FFA187 /* collect.png */ = {isa = PBXFileReference; lastKnownFileType = image.png; path = collect.png; sourceTree = "<group>"; };
		D9FFE6F21BB175C200FFA187 /* money.png */ = {isa = PBXFileReference; lastKnownFileType = image.png; path = money.png; sourceTree = "<group>"; };
		D9FFE6F31BB175C200FFA187 /* phone.png */ = {isa = PBXFileReference; lastKnownFileType = image.png; path = phone.png; sourceTree = "<group>"; };
		D9FFE6F71BB1765400FFA187 /* envite.png */ = {isa = PBXFileReference; lastKnownFileType = image.png; path = envite.png; sourceTree = "<group>"; };
		D9FFE6F91BB1771200FFA187 /* erwei.png */ = {isa = PBXFileReference; lastKnownFileType = image.png; path = erwei.png; sourceTree = "<group>"; };
/* End PBXFileReference section */

/* Begin PBXFrameworksBuildPhase section */
		D97A8C0E1BAADF9F002645F9 /* Frameworks */ = {
			isa = PBXFrameworksBuildPhase;
			buildActionMask = 2147483647;
			files = (
				D976523B1BB039950031C21D /* libEaseMobClientSDK.a in Frameworks */,
				D9B1963A1BAE71B90077EA76 /* libxml2.tbd in Frameworks */,
				D9B196381BAE71B10077EA76 /* libresolv.tbd in Frameworks */,
				D9B196361BAE71A50077EA76 /* libiconv.tbd in Frameworks */,
				D976523C1BB039950031C21D /* libEaseMobClientSDKLite.a in Frameworks */,
				D9B196341BAE719D0077EA76 /* libz.tbd in Frameworks */,
				D9B196321BAE71900077EA76 /* libstdc++.6.0.9.tbd in Frameworks */,
				D9B196301BAE717E0077EA76 /* libsqlite3.tbd in Frameworks */,
				D9B1962E1BAE71600077EA76 /* CFNetwork.framework in Frameworks */,
				D9B1962C1BAE71580077EA76 /* MobileCoreServices.framework in Frameworks */,
			);
			runOnlyForDeploymentPostprocessing = 0;
		};
/* End PBXFrameworksBuildPhase section */

/* Begin PBXGroup section */
		D93757421BD51CFB0081D32E /* TabAndResource */ = {
			isa = PBXGroup;
			children = (
				D96473DA1BD67E2E008DA5B8 /* 附近图标.png */,
				D96473DB1BD67E2E008DA5B8 /* 附近图标@2x.png */,
				D96473DC1BD67E2E008DA5B8 /* 好友tab默认.png */,
				D96473DD1BD67E2E008DA5B8 /* 好友tab默认@2x.png */,
				D96473DE1BD67E2E008DA5B8 /* 好友tab选中.png */,
				D96473DF1BD67E2E008DA5B8 /* 好友tab选中@2x.png */,
				D96473E01BD67E2E008DA5B8 /* 资源tba选中.png */,
				D96473E11BD67E2E008DA5B8 /* 资源tba选中@2x.png */,
				D96473E21BD67E2E008DA5B8 /* 资源tba默认.png */,
				D96473E31BD67E2E008DA5B8 /* 资源tba默认@2x.png */,
				D96473E41BD67E2E008DA5B8 /* 聊吧图标.png */,
				D96473E51BD67E2E008DA5B8 /* 聊吧图标@2x.png */,
				D96473E61BD67E2E008DA5B8 /* 抢红包图标.png */,
				D96473E71BD67E2E008DA5B8 /* 抢红包图标@2x.png */,
				D96473E81BD67E2E008DA5B8 /* 我tab默认.png */,
				D96473E91BD67E2E008DA5B8 /* 我tab默认@2x.png */,
				D96473EA1BD67E2E008DA5B8 /* 我tab选中.png */,
				D96473EB1BD67E2E008DA5B8 /* 我tab选中@2x.png */,
				D96473EC1BD67E2E008DA5B8 /* 消息tab默认.png */,
				D96473ED1BD67E2E008DA5B8 /* 消息tab默认@2x.png */,
				D96473EE1BD67E2E008DA5B8 /* 消息tab选中.png */,
				D96473EF1BD67E2E008DA5B8 /* 消息tab选中@2x.png */,
				D96473F01BD67E2E008DA5B8 /* 一元夺宝图标.png */,
				D96473F11BD67E2E008DA5B8 /* 一元夺宝图标@2x.png */,
				D96473D81BD67D86008DA5B8 /* 资源.jpg */,
			);
			name = TabAndResource;
			sourceTree = "<group>";
		};
		D937575B1BD53BA10081D32E /* Resources */ = {
			isa = PBXGroup;
			children = (
				D94713721BD27BEB00108A8E /* OneChargeController.swift */,
				D937575C1BD53C310081D32E /* NearController.swift */,
				D9D988CA1BD7C94800F53C74 /* GrabEnvelopeController.swift */,
			);
			name = Resources;
			sourceTree = "<group>";
		};
		D97652381BB039940031C21D /* lib */ = {
			isa = PBXGroup;
			children = (
				D97652391BB039950031C21D /* libEaseMobClientSDK.a */,
				D976523A1BB039950031C21D /* libEaseMobClientSDKLite.a */,
			);
			path = lib;
			sourceTree = "<group>";
		};
		D97A8C081BAADF9F002645F9 = {
			isa = PBXGroup;
			children = (
				D97A8C131BAADF9F002645F9 /* AllianceIOS */,
				D97A8C121BAADF9F002645F9 /* Products */,
				D9B196391BAE71B90077EA76 /* libxml2.tbd */,
				D9B196371BAE71B10077EA76 /* libresolv.tbd */,
				D9B196351BAE71A50077EA76 /* libiconv.tbd */,
				D9B196331BAE719D0077EA76 /* libz.tbd */,
				D9B196311BAE71900077EA76 /* libstdc++.6.0.9.tbd */,
				D9B1962F1BAE717E0077EA76 /* libsqlite3.tbd */,
				D9B1962D1BAE71600077EA76 /* CFNetwork.framework */,
				D9B1962B1BAE71580077EA76 /* MobileCoreServices.framework */,
			);
			sourceTree = "<group>";
		};
		D97A8C121BAADF9F002645F9 /* Products */ = {
			isa = PBXGroup;
			children = (
				D97A8C111BAADF9F002645F9 /* AllianceIOS.app */,
			);
			name = Products;
			sourceTree = "<group>";
		};
		D97A8C131BAADF9F002645F9 /* AllianceIOS */ = {
			isa = PBXGroup;
			children = (
				D99506541BB3817300CA9B2E /* controllers */,
				D995065F1BB3817D00CA9B2E /* models */,
				D97A8C141BAADFA0002645F9 /* AppDelegate.swift */,
				D97A8C181BAADFA0002645F9 /* Main.storyboard */,
				D97A8C1B1BAADFA0002645F9 /* Assets.xcassets */,
				D97A8C1D1BAADFA0002645F9 /* LaunchScreen.storyboard */,
				D97A8C201BAADFA0002645F9 /* Info.plist */,
				D97CC1461BAAFA5700303FC2 /* AllianceIOS-Bridging-Header.h */,
				D9B190171BACE15F0077EA76 /* Supporting Files */,
				D97A8C261BAAE5A9002645F9 /* README.md */,
				D9D988CC1BD7CCB300F53C74 /* MainController.swift */,
			);
			path = AllianceIOS;
			sourceTree = "<group>";
		};
		D99506541BB3817300CA9B2E /* controllers */ = {
			isa = PBXGroup;
			children = (
				D937575B1BD53BA10081D32E /* Resources */,
				D99506551BB3817300CA9B2E /* ChatController.swift */,
				D99506561BB3817300CA9B2E /* FriendController.swift */,
				D99506571BB3817300CA9B2E /* LoginViewController.swift */,
				D99506581BB3817300CA9B2E /* MessageController.swift */,
				D99506591BB3817300CA9B2E /* ResourceController.swift */,
			);
			path = controllers;
			sourceTree = "<group>";
		};
		D995065F1BB3817D00CA9B2E /* models */ = {
			isa = PBXGroup;
			children = (
				D99506601BB3817D00CA9B2E /* ChatCell.swift */,
				D99506611BB3817D00CA9B2E /* FriendCell.swift */,
				D99506621BB3817D00CA9B2E /* MessageItem.swift */,
				D99506631BB3817D00CA9B2E /* pinyin.c */,
				D99506641BB3817D00CA9B2E /* pinyin.h */,
				D99506651BB3817D00CA9B2E /* UserModel.swift */,
			);
			path = models;
			sourceTree = "<group>";
		};
		D9B190171BACE15F0077EA76 /* Supporting Files */ = {
			isa = PBXGroup;
			children = (
				D9B195BA1BAE711C0077EA76 /* EaseMobSDK */,
				D9B190181BACE15F0077EA76 /* Resource */,
			);
			name = "Supporting Files";
			path = "../Supporting Files";
			sourceTree = "<group>";
		};
		D9B190181BACE15F0077EA76 /* Resource */ = {
			isa = PBXGroup;
			children = (
				D9D988B51BD7C87200F53C74 /* GrabEnvelope */,
				D93757421BD51CFB0081D32E /* TabAndResource */,
				D947137C1BD2995100108A8E /* tenchargepic.png */,
				D94713741BD2859400108A8E /* chargerecord.png */,
				D94713751BD2859400108A8E /* onecharge.png */,
				D94713761BD2859400108A8E /* problem.png */,
				D94713771BD2859400108A8E /* tencharge.png */,
				D947136E1BD1EC0700108A8E /* liaoba.png */,
				D9FFE6F91BB1771200FFA187 /* erwei.png */,
				D9FFE6F71BB1765400FFA187 /* envite.png */,
				D9FFE6F11BB175C200FFA187 /* collect.png */,
				D9FFE6F21BB175C200FFA187 /* money.png */,
				D9FFE6F31BB175C200FFA187 /* phone.png */,
				D9FFE6EF1BB1749F00FFA187 /* settings.png */,
				D9FFE6ED1BB16FFD00FFA187 /* qiang.png */,
				D9FFE6E71BB16D1700FFA187 /* near.png */,
				D9FFE6E91BB16D1700FFA187 /* yiyuan.png */,
				D9B196411BAED6D10077EA76 /* liugang.png */,
				D9B191081BAE3AEC0077EA76 /* password.png */,
				D9B191091BAE3AEC0077EA76 /* username.png */,
				D9B191021BACE8B60077EA76 /* loadscreen.jpeg */,
				D9B191031BACE8B60077EA76 /* login.jpg */,
				D9B190191BACE2050077EA76 /* login_bg.jpg */,
			);
			path = Resource;
			sourceTree = "<group>";
		};
		D9B195BA1BAE711C0077EA76 /* EaseMobSDK */ = {
			isa = PBXGroup;
			children = (
				D97652381BB039940031C21D /* lib */,
				D9B195BB1BAE711C0077EA76 /* include */,
				D9B196261BAE711C0077EA76 /* resources */,
			);
			path = EaseMobSDK;
			sourceTree = "<group>";
		};
		D9B195BB1BAE711C0077EA76 /* include */ = {
			isa = PBXGroup;
			children = (
				D9B195BC1BAE711C0077EA76 /* CallService */,
				D9B195CB1BAE711C0077EA76 /* ChatService */,
				D9B1960C1BAE711C0077EA76 /* EaseMobClientSDK */,
				D9B1960F1BAE711C0077EA76 /* EaseMobClientSDKLite */,
				D9B196121BAE711C0077EA76 /* Utility */,
			);
			path = include;
			sourceTree = "<group>";
		};
		D9B195BC1BAE711C0077EA76 /* CallService */ = {
			isa = PBXGroup;
			children = (
				D9B195BD1BAE711C0077EA76 /* EMCallManager */,
			);
			path = CallService;
			sourceTree = "<group>";
		};
		D9B195BD1BAE711C0077EA76 /* EMCallManager */ = {
			isa = PBXGroup;
			children = (
				D9B195BE1BAE711C0077EA76 /* delegates */,
				D9B195C11BAE711C0077EA76 /* EaseMob+CallService.h */,
				D9B195C21BAE711C0077EA76 /* EMCallServiceDefs.h */,
				D9B195C31BAE711C0077EA76 /* ICallManager.h */,
				D9B195C41BAE711C0077EA76 /* internal */,
				D9B195C71BAE711C0077EA76 /* types */,
			);
			path = EMCallManager;
			sourceTree = "<group>";
		};
		D9B195BE1BAE711C0077EA76 /* delegates */ = {
			isa = PBXGroup;
			children = (
				D9B195BF1BAE711C0077EA76 /* EMCallManagerCallDelegate.h */,
				D9B195C01BAE711C0077EA76 /* EMCallManagerDelegate.h */,
			);
			path = delegates;
			sourceTree = "<group>";
		};
		D9B195C41BAE711C0077EA76 /* internal */ = {
			isa = PBXGroup;
			children = (
				D9B195C51BAE711C0077EA76 /* ICallManagerBase.h */,
				D9B195C61BAE711C0077EA76 /* ICallManagerCall.h */,
			);
			path = internal;
			sourceTree = "<group>";
		};
		D9B195C71BAE711C0077EA76 /* types */ = {
			isa = PBXGroup;
			children = (
				D9B195C81BAE711C0077EA76 /* EMCallSession.h */,
				D9B195C91BAE711C0077EA76 /* IOpenGLView.h */,
				D9B195CA1BAE711C0077EA76 /* OpenGLView20.h */,
			);
			path = types;
			sourceTree = "<group>";
		};
		D9B195CB1BAE711C0077EA76 /* ChatService */ = {
			isa = PBXGroup;
			children = (
				D9B195CC1BAE711C0077EA76 /* EMChatManager */,
			);
			path = ChatService;
			sourceTree = "<group>";
		};
		D9B195CC1BAE711C0077EA76 /* EMChatManager */ = {
			isa = PBXGroup;
			children = (
				D9B195CD1BAE711C0077EA76 /* delegates */,
				D9B195DA1BAE711C0077EA76 /* EMChatManagerDefs.h */,
				D9B195DB1BAE711C0077EA76 /* EMGroupManagerDefs.h */,
				D9B195DC1BAE711C0077EA76 /* EMPushManagerDefs.h */,
				D9B195DD1BAE711C0077EA76 /* IChatManager.h */,
				D9B195DE1BAE711C0077EA76 /* internal */,
				D9B195EB1BAE711C0077EA76 /* types */,
			);
			path = EMChatManager;
			sourceTree = "<group>";
		};
		D9B195CD1BAE711C0077EA76 /* delegates */ = {
			isa = PBXGroup;
			children = (
				D9B195CE1BAE711C0077EA76 /* IChatManagerDelegate.h */,
				D9B195CF1BAE711C0077EA76 /* internal */,
			);
			path = delegates;
			sourceTree = "<group>";
		};
		D9B195CF1BAE711C0077EA76 /* internal */ = {
			isa = PBXGroup;
			children = (
				D9B195D01BAE711C0077EA76 /* EMChatManagerBuddyDelegate.h */,
				D9B195D11BAE711C0077EA76 /* EMChatManagerChatDelegate.h */,
				D9B195D21BAE711C0077EA76 /* EMChatManagerChatroomDelegate.h */,
				D9B195D31BAE711C0077EA76 /* EMChatManagerDelegate.h */,
				D9B195D41BAE711C0077EA76 /* EMChatManagerDelegateBase.h */,
				D9B195D51BAE711C0077EA76 /* EMChatManagerEncryptionDelegate.h */,
				D9B195D61BAE711C0077EA76 /* EMChatManagerGroupDelegate.h */,
				D9B195D71BAE711C0077EA76 /* EMChatManagerLoginDelegate.h */,
				D9B195D81BAE711C0077EA76 /* EMChatManagerPushNotificationDelegate.h */,
				D9B195D91BAE711C0077EA76 /* EMChatManagerUtilDelegate.h */,
			);
			path = internal;
			sourceTree = "<group>";
		};
		D9B195DE1BAE711C0077EA76 /* internal */ = {
			isa = PBXGroup;
			children = (
				D9B195DF1BAE711C0077EA76 /* IChatManagerBase.h */,
				D9B195E01BAE711C0077EA76 /* IChatManagerBuddy.h */,
				D9B195E11BAE711C0077EA76 /* IChatManagerChat.h */,
				D9B195E21BAE711C0077EA76 /* IChatManagerChatroom.h */,
				D9B195E31BAE711C0077EA76 /* IChatManagerConversation.h */,
				D9B195E41BAE711C0077EA76 /* IChatManagerEncryption.h */,
				D9B195E51BAE711C0077EA76 /* IChatManagerGroup.h */,
				D9B195E61BAE711C0077EA76 /* IChatManagerLogin.h */,
				D9B195E71BAE711C0077EA76 /* IChatManagerPushNotification.h */,
				D9B195E81BAE711C0077EA76 /* IChatManagerRobot.h */,
				D9B195E91BAE711C0077EA76 /* IChatManagerSettingOptions.h */,
				D9B195EA1BAE711C0077EA76 /* IChatManagerUtil.h */,
			);
			path = internal;
			sourceTree = "<group>";
		};
		D9B195EB1BAE711C0077EA76 /* types */ = {
			isa = PBXGroup;
			children = (
				D9B195EC1BAE711C0077EA76 /* EMBuddy.h */,
				D9B195ED1BAE711C0077EA76 /* EMChatCommand.h */,
				D9B195EE1BAE711C0077EA76 /* EMChatFile.h */,
				D9B195EF1BAE711C0077EA76 /* EMChatImage.h */,
				D9B195F01BAE711C0077EA76 /* EMChatLocation.h */,
				D9B195F11BAE711C0077EA76 /* EMChatroom.h */,
				D9B195F21BAE711C0077EA76 /* EMChatText.h */,
				D9B195F31BAE711C0077EA76 /* EMChatVideo.h */,
				D9B195F41BAE711C0077EA76 /* EMChatVoice.h */,
				D9B195F51BAE711C0077EA76 /* EMCommandMessageBody.h */,
				D9B195F61BAE711C0077EA76 /* EMConversation.h */,
				D9B195F71BAE711C0077EA76 /* EMCursorResult.h */,
				D9B195F81BAE711C0077EA76 /* EMFileMessageBody.h */,
				D9B195F91BAE711C0077EA76 /* EMGroup.h */,
				D9B195FA1BAE711C0077EA76 /* EMGroupStyleSetting.h */,
				D9B195FB1BAE711C0077EA76 /* EMImageMessageBody.h */,
				D9B195FC1BAE711C0077EA76 /* EMLocationMessageBody.h */,
				D9B195FD1BAE711C0077EA76 /* EMMessage.h */,
				D9B195FE1BAE711C0077EA76 /* EMPushNotificationOptions.h */,
				D9B195FF1BAE711C0077EA76 /* EMReceipt.h */,
				D9B196001BAE711C0077EA76 /* EMReceiptBase.h */,
				D9B196011BAE711C0077EA76 /* EMRobot.h */,
				D9B196021BAE711C0077EA76 /* EMTextMessageBody.h */,
				D9B196031BAE711C0077EA76 /* EMVideoMessageBody.h */,
				D9B196041BAE711C0077EA76 /* EMVoiceMessageBody.h */,
				D9B196051BAE711C0077EA76 /* IChatImageOptions.h */,
				D9B196061BAE711C0077EA76 /* IEMChatCryptor.h */,
				D9B196071BAE711C0077EA76 /* IEMChatFile.h */,
				D9B196081BAE711C0077EA76 /* IEMChatObject.h */,
				D9B196091BAE711C0077EA76 /* IEMChatProgressDelegate.h */,
				D9B1960A1BAE711C0077EA76 /* IEMFileMessageBody.h */,
				D9B1960B1BAE711C0077EA76 /* IEMMessageBody.h */,
			);
			path = types;
			sourceTree = "<group>";
		};
		D9B1960C1BAE711C0077EA76 /* EaseMobClientSDK */ = {
			isa = PBXGroup;
			children = (
				D9B1960D1BAE711C0077EA76 /* EaseMob.h */,
				D9B1960E1BAE711C0077EA76 /* EaseMobHeaders.h */,
			);
			path = EaseMobClientSDK;
			sourceTree = "<group>";
		};
		D9B1960F1BAE711C0077EA76 /* EaseMobClientSDKLite */ = {
			isa = PBXGroup;
			children = (
				D9B196101BAE711C0077EA76 /* EaseMob.h */,
				D9B196111BAE711C0077EA76 /* EaseMobHeaders.h */,
			);
			path = EaseMobClientSDKLite;
			sourceTree = "<group>";
		};
		D9B196121BAE711C0077EA76 /* Utility */ = {
			isa = PBXGroup;
			children = (
				D9B196131BAE711C0077EA76 /* commonDefs.h */,
				D9B196141BAE711C0077EA76 /* EMDeviceManager */,
				D9B1961F1BAE711C0077EA76 /* EMNetworkMonitorDefs.h */,
				D9B196201BAE711C0077EA76 /* ErrorManager */,
			);
			path = Utility;
			sourceTree = "<group>";
		};
		D9B196141BAE711C0077EA76 /* EMDeviceManager */ = {
			isa = PBXGroup;
			children = (
				D9B196151BAE711C0077EA76 /* delegates */,
				D9B1961B1BAE711C0077EA76 /* EMDeviceManagerDefs.h */,
				D9B1961C1BAE711C0077EA76 /* IDeviceManager.h */,
				D9B1961D1BAE711C0077EA76 /* internal */,
			);
			path = EMDeviceManager;
			sourceTree = "<group>";
		};
		D9B196151BAE711C0077EA76 /* delegates */ = {
			isa = PBXGroup;
			children = (
				D9B196161BAE711C0077EA76 /* IDeviceManagerDelegate.h */,
				D9B196171BAE711C0077EA76 /* internal */,
			);
			path = delegates;
			sourceTree = "<group>";
		};
		D9B196171BAE711C0077EA76 /* internal */ = {
			isa = PBXGroup;
			children = (
				D9B196181BAE711C0077EA76 /* EMDeviceManagerDelegate.h */,
				D9B196191BAE711C0077EA76 /* EMDeviceManagerDelegateBase.h */,
				D9B1961A1BAE711C0077EA76 /* EMDeviceManagerNetworkDelegate.h */,
			);
			path = internal;
			sourceTree = "<group>";
		};
		D9B1961D1BAE711C0077EA76 /* internal */ = {
			isa = PBXGroup;
			children = (
				D9B1961E1BAE711C0077EA76 /* IDeviceManagerBase.h */,
			);
			path = internal;
			sourceTree = "<group>";
		};
		D9B196201BAE711C0077EA76 /* ErrorManager */ = {
			isa = PBXGroup;
			children = (
				D9B196211BAE711C0077EA76 /* EMError.h */,
				D9B196221BAE711C0077EA76 /* EMErrorDefs.h */,
			);
			path = ErrorManager;
			sourceTree = "<group>";
		};
		D9B196261BAE711C0077EA76 /* resources */ = {
			isa = PBXGroup;
			children = (
				D9B196271BAE711C0077EA76 /* EaseMob.bundle */,
			);
			path = resources;
			sourceTree = "<group>";
		};
		D9D988B51BD7C87200F53C74 /* GrabEnvelope */ = {
			isa = PBXGroup;
			children = (
				D9D988B61BD7C8C200F53C74 /* 红包弹出窗.png */,
				D9D988B71BD7C8C200F53C74 /* 红包弹出窗@2x.png */,
				D9D988B81BD7C8C200F53C74 /* 红包关闭按钮.png */,
				D9D988B91BD7C8C200F53C74 /* 红包关闭按钮@2x.png */,
				D9D988BA1BD7C8C200F53C74 /* 开始抢红包按钮.png */,
				D9D988BB1BD7C8C200F53C74 /* 开始抢红包按钮@2x.png */,
				D9D988BC1BD7C8C200F53C74 /* 小喇叭图标.png */,
				D9D988BD1BD7C8C200F53C74 /* 小喇叭图标@2x.png */,
				D9D988BE1BD7C8C200F53C74 /* 形状-55.png */,
				D9D988BF1BD7C8C200F53C74 /* 形状-55@2x.png */,
			);
			name = GrabEnvelope;
			sourceTree = "<group>";
		};
/* End PBXGroup section */

/* Begin PBXNativeTarget section */
		D97A8C101BAADF9F002645F9 /* AllianceIOS */ = {
			isa = PBXNativeTarget;
			buildConfigurationList = D97A8C231BAADFA0002645F9 /* Build configuration list for PBXNativeTarget "AllianceIOS" */;
			buildPhases = (
				D97A8C0D1BAADF9F002645F9 /* Sources */,
				D97A8C0E1BAADF9F002645F9 /* Frameworks */,
				D97A8C0F1BAADF9F002645F9 /* Resources */,
			);
			buildRules = (
			);
			dependencies = (
			);
			name = AllianceIOS;
			productName = AllianceIOS;
			productReference = D97A8C111BAADF9F002645F9 /* AllianceIOS.app */;
			productType = "com.apple.product-type.application";
		};
/* End PBXNativeTarget section */

/* Begin PBXProject section */
		D97A8C091BAADF9F002645F9 /* Project object */ = {
			isa = PBXProject;
			attributes = {
				LastSwiftUpdateCheck = 0700;
				LastUpgradeCheck = 0700;
				TargetAttributes = {
					D97A8C101BAADF9F002645F9 = {
						CreatedOnToolsVersion = 7.0;
					};
				};
			};
			buildConfigurationList = D97A8C0C1BAADF9F002645F9 /* Build configuration list for PBXProject "AllianceIOS" */;
			compatibilityVersion = "Xcode 3.2";
			developmentRegion = English;
			hasScannedForEncodings = 0;
			knownRegions = (
				en,
				Base,
				"zh-Hans",
			);
			mainGroup = D97A8C081BAADF9F002645F9;
			productRefGroup = D97A8C121BAADF9F002645F9 /* Products */;
			projectDirPath = "";
			projectRoot = "";
			targets = (
				D97A8C101BAADF9F002645F9 /* AllianceIOS */,
			);
		};
/* End PBXProject section */

/* Begin PBXResourcesBuildPhase section */
		D97A8C0F1BAADF9F002645F9 /* Resources */ = {
			isa = PBXResourcesBuildPhase;
			buildActionMask = 2147483647;
			files = (
				D9D988C91BD7C8C200F53C74 /* 形状-55@2x.png in Resources */,
				D96473F71BD67E2E008DA5B8 /* 好友tab选中@2x.png in Resources */,
				D96474091BD67E2E008DA5B8 /* 一元夺宝图标@2x.png in Resources */,
				D96474061BD67E2E008DA5B8 /* 消息tab选中.png in Resources */,
				D96473FA1BD67E2E008DA5B8 /* 资源tba默认.png in Resources */,
				D9B1901A1BACE2050077EA76 /* login_bg.jpg in Resources */,
				D947137D1BD2995100108A8E /* tenchargepic.png in Resources */,
				D9D988C51BD7C8C200F53C74 /* 开始抢红包按钮@2x.png in Resources */,
				D9D988C61BD7C8C200F53C74 /* 小喇叭图标.png in Resources */,
				D96473F21BD67E2E008DA5B8 /* 附近图标.png in Resources */,
				D96473FC1BD67E2E008DA5B8 /* 聊吧图标.png in Resources */,
				D9D988C41BD7C8C200F53C74 /* 开始抢红包按钮.png in Resources */,
				D96473F61BD67E2E008DA5B8 /* 好友tab选中.png in Resources */,
				D947136F1BD1EC0700108A8E /* liaoba.png in Resources */,
				D96474031BD67E2E008DA5B8 /* 我tab选中@2x.png in Resources */,
				D9D988C81BD7C8C200F53C74 /* 形状-55.png in Resources */,
				D96473F91BD67E2E008DA5B8 /* 资源tba选中@2x.png in Resources */,
				D9FFE6F61BB175C200FFA187 /* phone.png in Resources */,
				D9B1910A1BAE3AEC0077EA76 /* password.png in Resources */,
				D96473F31BD67E2E008DA5B8 /* 附近图标@2x.png in Resources */,
				D9D988C01BD7C8C200F53C74 /* 红包弹出窗.png in Resources */,
				D94713791BD2859400108A8E /* onecharge.png in Resources */,
				D97A8C1F1BAADFA0002645F9 /* LaunchScreen.storyboard in Resources */,
				D9FFE6FA1BB1771200FFA187 /* erwei.png in Resources */,
				D96473FB1BD67E2E008DA5B8 /* 资源tba默认@2x.png in Resources */,
				D9B196421BAED6D10077EA76 /* liugang.png in Resources */,
				D9FFE6F51BB175C200FFA187 /* money.png in Resources */,
				D9D988C71BD7C8C200F53C74 /* 小喇叭图标@2x.png in Resources */,
				D9D988C11BD7C8C200F53C74 /* 红包弹出窗@2x.png in Resources */,
				D9FFE6F81BB1765400FFA187 /* envite.png in Resources */,
				D9B1962A1BAE711C0077EA76 /* EaseMob.bundle in Resources */,
				D9FFE6EA1BB16D1700FFA187 /* near.png in Resources */,
				D96473F81BD67E2E008DA5B8 /* 资源tba选中.png in Resources */,
				D96474041BD67E2E008DA5B8 /* 消息tab默认.png in Resources */,
				D96473D91BD67D86008DA5B8 /* 资源.jpg in Resources */,
				D96474081BD67E2E008DA5B8 /* 一元夺宝图标.png in Resources */,
				D97A8C1C1BAADFA0002645F9 /* Assets.xcassets in Resources */,
				D94713781BD2859400108A8E /* chargerecord.png in Resources */,
				D9FFE6F41BB175C200FFA187 /* collect.png in Resources */,
				D96474021BD67E2E008DA5B8 /* 我tab选中.png in Resources */,
				D96474051BD67E2E008DA5B8 /* 消息tab默认@2x.png in Resources */,
				D97A8C1A1BAADFA0002645F9 /* Main.storyboard in Resources */,
				D96473F51BD67E2E008DA5B8 /* 好友tab默认@2x.png in Resources */,
				D96474001BD67E2E008DA5B8 /* 我tab默认.png in Resources */,
				D9FFE6F01BB1749F00FFA187 /* settings.png in Resources */,
				D947137B1BD2859400108A8E /* tencharge.png in Resources */,
				D947137A1BD2859400108A8E /* problem.png in Resources */,
				D96473F41BD67E2E008DA5B8 /* 好友tab默认.png in Resources */,
				D9D988C21BD7C8C200F53C74 /* 红包关闭按钮.png in Resources */,
				D9B1910B1BAE3AEC0077EA76 /* username.png in Resources */,
				D9D988C31BD7C8C200F53C74 /* 红包关闭按钮@2x.png in Resources */,
				D9B191041BACE8B60077EA76 /* loadscreen.jpeg in Resources */,
				D96473FE1BD67E2E008DA5B8 /* 抢红包图标.png in Resources */,
				D96473FD1BD67E2E008DA5B8 /* 聊吧图标@2x.png in Resources */,
				D9FFE6EE1BB16FFD00FFA187 /* qiang.png in Resources */,
				D9FFE6EC1BB16D1700FFA187 /* yiyuan.png in Resources */,
				D9B191051BACE8B60077EA76 /* login.jpg in Resources */,
				D96474011BD67E2E008DA5B8 /* 我tab默认@2x.png in Resources */,
				D96473FF1BD67E2E008DA5B8 /* 抢红包图标@2x.png in Resources */,
				D96474071BD67E2E008DA5B8 /* 消息tab选中@2x.png in Resources */,
			);
			runOnlyForDeploymentPostprocessing = 0;
		};
/* End PBXResourcesBuildPhase section */

/* Begin PBXSourcesBuildPhase section */
		D97A8C0D1BAADF9F002645F9 /* Sources */ = {
			isa = PBXSourcesBuildPhase;
			buildActionMask = 2147483647;
			files = (
				D94713731BD27BEB00108A8E /* OneChargeController.swift in Sources */,
				D97A8C271BAAE5A9002645F9 /* README.md in Sources */,
				D99506691BB3817D00CA9B2E /* pinyin.c in Sources */,
				D99506661BB3817D00CA9B2E /* ChatCell.swift in Sources */,
				D995065E1BB3817300CA9B2E /* ResourceController.swift in Sources */,
				D995065D1BB3817300CA9B2E /* MessageController.swift in Sources */,
				D99506671BB3817D00CA9B2E /* FriendCell.swift in Sources */,
				D995065B1BB3817300CA9B2E /* FriendController.swift in Sources */,
				D9D988CD1BD7CCB300F53C74 /* MainController.swift in Sources */,
				D99506681BB3817D00CA9B2E /* MessageItem.swift in Sources */,
				D97A8C151BAADFA0002645F9 /* AppDelegate.swift in Sources */,
				D9D988CB1BD7C94800F53C74 /* GrabEnvelopeController.swift in Sources */,
				D995065C1BB3817300CA9B2E /* LoginViewController.swift in Sources */,
				D937575D1BD53C310081D32E /* NearController.swift in Sources */,
				D995066A1BB3817D00CA9B2E /* UserModel.swift in Sources */,
				D995065A1BB3817300CA9B2E /* ChatController.swift in Sources */,
			);
			runOnlyForDeploymentPostprocessing = 0;
		};
/* End PBXSourcesBuildPhase section */

/* Begin PBXVariantGroup section */
		D97A8C181BAADFA0002645F9 /* Main.storyboard */ = {
			isa = PBXVariantGroup;
			children = (
				D97A8C191BAADFA0002645F9 /* Base */,
			);
			name = Main.storyboard;
			sourceTree = "<group>";
		};
		D97A8C1D1BAADFA0002645F9 /* LaunchScreen.storyboard */ = {
			isa = PBXVariantGroup;
			children = (
				D97A8C1E1BAADFA0002645F9 /* Base */,
			);
			name = LaunchScreen.storyboard;
			sourceTree = "<group>";
		};
/* End PBXVariantGroup section */

/* Begin XCBuildConfiguration section */
		D97A8C211BAADFA0002645F9 /* Debug */ = {
			isa = XCBuildConfiguration;
			buildSettings = {
				ALWAYS_SEARCH_USER_PATHS = NO;
				CLANG_CXX_LANGUAGE_STANDARD = "gnu++0x";
				CLANG_CXX_LIBRARY = "libc++";
				CLANG_ENABLE_MODULES = YES;
				CLANG_ENABLE_OBJC_ARC = YES;
				CLANG_WARN_BOOL_CONVERSION = YES;
				CLANG_WARN_CONSTANT_CONVERSION = YES;
				CLANG_WARN_DIRECT_OBJC_ISA_USAGE = YES_ERROR;
				CLANG_WARN_EMPTY_BODY = YES;
				CLANG_WARN_ENUM_CONVERSION = YES;
				CLANG_WARN_INT_CONVERSION = YES;
				CLANG_WARN_OBJC_ROOT_CLASS = YES_ERROR;
				CLANG_WARN_UNREACHABLE_CODE = YES;
				CLANG_WARN__DUPLICATE_METHOD_MATCH = YES;
				"CODE_SIGN_IDENTITY[sdk=iphoneos*]" = "iPhone Developer";
				COPY_PHASE_STRIP = NO;
				DEBUG_INFORMATION_FORMAT = dwarf;
				ENABLE_STRICT_OBJC_MSGSEND = YES;
				ENABLE_TESTABILITY = YES;
				GCC_C_LANGUAGE_STANDARD = gnu99;
				GCC_DYNAMIC_NO_PIC = NO;
				GCC_NO_COMMON_BLOCKS = YES;
				GCC_OPTIMIZATION_LEVEL = 0;
				GCC_PREPROCESSOR_DEFINITIONS = (
					"DEBUG=1",
					"$(inherited)",
				);
				GCC_WARN_64_TO_32_BIT_CONVERSION = YES;
				GCC_WARN_ABOUT_RETURN_TYPE = YES_ERROR;
				GCC_WARN_UNDECLARED_SELECTOR = YES;
				GCC_WARN_UNINITIALIZED_AUTOS = YES_AGGRESSIVE;
				GCC_WARN_UNUSED_FUNCTION = YES;
				GCC_WARN_UNUSED_VARIABLE = YES;
				IPHONEOS_DEPLOYMENT_TARGET = 9.0;
				MTL_ENABLE_DEBUG_INFO = YES;
				ONLY_ACTIVE_ARCH = YES;
				SDKROOT = iphoneos;
				SWIFT_OPTIMIZATION_LEVEL = "-Onone";
			};
			name = Debug;
		};
		D97A8C221BAADFA0002645F9 /* Release */ = {
			isa = XCBuildConfiguration;
			buildSettings = {
				ALWAYS_SEARCH_USER_PATHS = NO;
				CLANG_CXX_LANGUAGE_STANDARD = "gnu++0x";
				CLANG_CXX_LIBRARY = "libc++";
				CLANG_ENABLE_MODULES = YES;
				CLANG_ENABLE_OBJC_ARC = YES;
				CLANG_WARN_BOOL_CONVERSION = YES;
				CLANG_WARN_CONSTANT_CONVERSION = YES;
				CLANG_WARN_DIRECT_OBJC_ISA_USAGE = YES_ERROR;
				CLANG_WARN_EMPTY_BODY = YES;
				CLANG_WARN_ENUM_CONVERSION = YES;
				CLANG_WARN_INT_CONVERSION = YES;
				CLANG_WARN_OBJC_ROOT_CLASS = YES_ERROR;
				CLANG_WARN_UNREACHABLE_CODE = YES;
				CLANG_WARN__DUPLICATE_METHOD_MATCH = YES;
				"CODE_SIGN_IDENTITY[sdk=iphoneos*]" = "iPhone Developer";
				COPY_PHASE_STRIP = NO;
				DEBUG_INFORMATION_FORMAT = "dwarf-with-dsym";
				ENABLE_NS_ASSERTIONS = NO;
				ENABLE_STRICT_OBJC_MSGSEND = YES;
				GCC_C_LANGUAGE_STANDARD = gnu99;
				GCC_NO_COMMON_BLOCKS = YES;
				GCC_WARN_64_TO_32_BIT_CONVERSION = YES;
				GCC_WARN_ABOUT_RETURN_TYPE = YES_ERROR;
				GCC_WARN_UNDECLARED_SELECTOR = YES;
				GCC_WARN_UNINITIALIZED_AUTOS = YES_AGGRESSIVE;
				GCC_WARN_UNUSED_FUNCTION = YES;
				GCC_WARN_UNUSED_VARIABLE = YES;
				IPHONEOS_DEPLOYMENT_TARGET = 9.0;
				MTL_ENABLE_DEBUG_INFO = NO;
				SDKROOT = iphoneos;
				VALIDATE_PRODUCT = YES;
			};
			name = Release;
		};
		D97A8C241BAADFA0002645F9 /* Debug */ = {
			isa = XCBuildConfiguration;
			buildSettings = {
				ASSETCATALOG_COMPILER_APPICON_NAME = AppIcon;
				CLANG_ENABLE_MODULES = YES;
				CODE_SIGN_IDENTITY = "iPhone Developer";
				INFOPLIST_FILE = AllianceIOS/Info.plist;
				IPHONEOS_DEPLOYMENT_TARGET = 8.0;
				LD_RUNPATH_SEARCH_PATHS = "$(inherited) @executable_path/Frameworks -ObjC \"$(SRCROOT)/Supporting Files/EaseMobSDK/lib/libEaseMobClientSDKLite.a\"";
				LIBRARY_SEARCH_PATHS = (
					"$(inherited)",
					"$(PROJECT_DIR)/Supporting\\ Files/EaseMobSDK/lib",
				);
				PRODUCT_BUNDLE_IDENTIFIER = ourself.AllianceIOS;
				PRODUCT_NAME = "$(TARGET_NAME)";
				SWIFT_OBJC_BRIDGING_HEADER = "AllianceIOS/AllianceIOS-Bridging-Header.h";
				SWIFT_OPTIMIZATION_LEVEL = "-Onone";
			};
			name = Debug;
		};
		D97A8C251BAADFA0002645F9 /* Release */ = {
			isa = XCBuildConfiguration;
			buildSettings = {
				ASSETCATALOG_COMPILER_APPICON_NAME = AppIcon;
				CLANG_ENABLE_MODULES = YES;
				CODE_SIGN_IDENTITY = "iPhone Developer";
				INFOPLIST_FILE = AllianceIOS/Info.plist;
				IPHONEOS_DEPLOYMENT_TARGET = 8.0;
				LD_RUNPATH_SEARCH_PATHS = "$(inherited) @executable_path/Frameworks -ObjC \"$(SRCROOT)/Supporting Files/EaseMobSDK/lib/libEaseMobClientSDKLite.a\"";
				LIBRARY_SEARCH_PATHS = (
					"$(inherited)",
					"$(PROJECT_DIR)/Supporting\\ Files/EaseMobSDK/lib",
				);
				PRODUCT_BUNDLE_IDENTIFIER = ourself.AllianceIOS;
				PRODUCT_NAME = "$(TARGET_NAME)";
				SWIFT_OBJC_BRIDGING_HEADER = "AllianceIOS/AllianceIOS-Bridging-Header.h";
			};
			name = Release;
		};
/* End XCBuildConfiguration section */

/* Begin XCConfigurationList section */
		D97A8C0C1BAADF9F002645F9 /* Build configuration list for PBXProject "AllianceIOS" */ = {
			isa = XCConfigurationList;
			buildConfigurations = (
				D97A8C211BAADFA0002645F9 /* Debug */,
				D97A8C221BAADFA0002645F9 /* Release */,
			);
			defaultConfigurationIsVisible = 0;
			defaultConfigurationName = Release;
		};
		D97A8C231BAADFA0002645F9 /* Build configuration list for PBXNativeTarget "AllianceIOS" */ = {
			isa = XCConfigurationList;
			buildConfigurations = (
				D97A8C241BAADFA0002645F9 /* Debug */,
				D97A8C251BAADFA0002645F9 /* Release */,
			);
			defaultConfigurationIsVisible = 0;
			defaultConfigurationName = Release;
		};
/* End XCConfigurationList section */
	};
	rootObject = D97A8C091BAADF9F002645F9 /* Project object */;
}
