// !$*UTF8*$!
{
	archiveVersion = 1;
	classes = {
	};
	objectVersion = 46;
	objects = {

/* Begin PBXBuildFile section */
		D97A8C151BAADFA0002645F9 /* AppDelegate.swift in Sources */ = {isa = PBXBuildFile; fileRef = D97A8C141BAADFA0002645F9 /* AppDelegate.swift */; };
		D97A8C171BAADFA0002645F9 /* ViewController.swift in Sources */ = {isa = PBXBuildFile; fileRef = D97A8C161BAADFA0002645F9 /* ViewController.swift */; };
		D97A8C1A1BAADFA0002645F9 /* Main.storyboard in Resources */ = {isa = PBXBuildFile; fileRef = D97A8C181BAADFA0002645F9 /* Main.storyboard */; };
		D97A8C1C1BAADFA0002645F9 /* Assets.xcassets in Resources */ = {isa = PBXBuildFile; fileRef = D97A8C1B1BAADFA0002645F9 /* Assets.xcassets */; };
		D97A8C1F1BAADFA0002645F9 /* LaunchScreen.storyboard in Resources */ = {isa = PBXBuildFile; fileRef = D97A8C1D1BAADFA0002645F9 /* LaunchScreen.storyboard */; };
		D97A8C271BAAE5A9002645F9 /* README.md in Sources */ = {isa = PBXBuildFile; fileRef = D97A8C261BAAE5A9002645F9 /* README.md */; settings = {ASSET_TAGS = (); }; };
/* End PBXBuildFile section */

/* Begin PBXFileReference section */
		D97A8C111BAADF9F002645F9 /* AllianceIOS.app */ = {isa = PBXFileReference; explicitFileType = wrapper.application; includeInIndex = 0; path = AllianceIOS.app; sourceTree = BUILT_PRODUCTS_DIR; };
		D97A8C141BAADFA0002645F9 /* AppDelegate.swift */ = {isa = PBXFileReference; lastKnownFileType = sourcecode.swift; path = AppDelegate.swift; sourceTree = "<group>"; };
		D97A8C161BAADFA0002645F9 /* ViewController.swift */ = {isa = PBXFileReference; lastKnownFileType = sourcecode.swift; path = ViewController.swift; sourceTree = "<group>"; };
		D97A8C191BAADFA0002645F9 /* Base */ = {isa = PBXFileReference; lastKnownFileType = file.storyboard; name = Base; path = Base.lproj/Main.storyboard; sourceTree = "<group>"; };
		D97A8C1B1BAADFA0002645F9 /* Assets.xcassets */ = {isa = PBXFileReference; lastKnownFileType = folder.assetcatalog; path = Assets.xcassets; sourceTree = "<group>"; };
		D97A8C1E1BAADFA0002645F9 /* Base */ = {isa = PBXFileReference; lastKnownFileType = file.storyboard; name = Base; path = Base.lproj/LaunchScreen.storyboard; sourceTree = "<group>"; };
		D97A8C201BAADFA0002645F9 /* Info.plist */ = {isa = PBXFileReference; lastKnownFileType = text.plist.xml; path = Info.plist; sourceTree = "<group>"; };
		D97A8C261BAAE5A9002645F9 /* README.md */ = {isa = PBXFileReference; fileEncoding = 4; lastKnownFileType = net.daringfireball.markdown; path = README.md; sourceTree = "<group>"; };
/* End PBXFileReference section */

/* Begin PBXFrameworksBuildPhase section */
		D97A8C0E1BAADF9F002645F9 /* Frameworks */ = {
			isa = PBXFrameworksBuildPhase;
			buildActionMask = 2147483647;
			files = (
			);
			runOnlyForDeploymentPostprocessing = 0;
		};
/* End PBXFrameworksBuildPhase section */

/* Begin PBXGroup section */
		D97A8C081BAADF9F002645F9 = {
			isa = PBXGroup;
			children = (
				D97A8C261BAAE5A9002645F9 /* README.md */,
				D97A8C131BAADF9F002645F9 /* AllianceIOS */,
				D97A8C121BAADF9F002645F9 /* Products */,
			);
			sourceTree = "<group>";
		};
		D97A8C121BAADF9F002645F9 /* Products */ = {
			isa = PBXGroup;
			children = (
				D97A8C111BAADF9F002645F9 /* AllianceIOS.app */,
			);
			name = Products;
			sourceTree = "<group>";
		};
		D97A8C131BAADF9F002645F9 /* AllianceIOS */ = {
			isa = PBXGroup;
			children = (
				D97A8C141BAADFA0002645F9 /* AppDelegate.swift */,
				D97A8C161BAADFA0002645F9 /* ViewController.swift */,
				D97A8C181BAADFA0002645F9 /* Main.storyboard */,
				D97A8C1B1BAADFA0002645F9 /* Assets.xcassets */,
				D97A8C1D1BAADFA0002645F9 /* LaunchScreen.storyboard */,
				D97A8C201BAADFA0002645F9 /* Info.plist */,
			);
			path = AllianceIOS;
			sourceTree = "<group>";
		};
/* End PBXGroup section */

/* Begin PBXNativeTarget section */
		D97A8C101BAADF9F002645F9 /* AllianceIOS */ = {
			isa = PBXNativeTarget;
			buildConfigurationList = D97A8C231BAADFA0002645F9 /* Build configuration list for PBXNativeTarget "AllianceIOS" */;
			buildPhases = (
				D97A8C0D1BAADF9F002645F9 /* Sources */,
				D97A8C0E1BAADF9F002645F9 /* Frameworks */,
				D97A8C0F1BAADF9F002645F9 /* Resources */,
			);
			buildRules = (
			);
			dependencies = (
			);
			name = AllianceIOS;
			productName = AllianceIOS;
			productReference = D97A8C111BAADF9F002645F9 /* AllianceIOS.app */;
			productType = "com.apple.product-type.application";
		};
/* End PBXNativeTarget section */

/* Begin PBXProject section */
		D97A8C091BAADF9F002645F9 /* Project object */ = {
			isa = PBXProject;
			attributes = {
				LastUpgradeCheck = 0700;
				TargetAttributes = {
					D97A8C101BAADF9F002645F9 = {
						CreatedOnToolsVersion = 7.0;
					};
				};
			};
			buildConfigurationList = D97A8C0C1BAADF9F002645F9 /* Build configuration list for PBXProject "AllianceIOS" */;
			compatibilityVersion = "Xcode 3.2";
			developmentRegion = English;
			hasScannedForEncodings = 0;
			knownRegions = (
				en,
				Base,
			);
			mainGroup = D97A8C081BAADF9F002645F9;
			productRefGroup = D97A8C121BAADF9F002645F9 /* Products */;
			projectDirPath = "";
			projectRoot = "";
			targets = (
				D97A8C101BAADF9F002645F9 /* AllianceIOS */,
			);
		};
/* End PBXProject section */

/* Begin PBXResourcesBuildPhase section */
		D97A8C0F1BAADF9F002645F9 /* Resources */ = {
			isa = PBXResourcesBuildPhase;
			buildActionMask = 2147483647;
			files = (
				D97A8C1F1BAADFA0002645F9 /* LaunchScreen.storyboard in Resources */,
				D97A8C1C1BAADFA0002645F9 /* Assets.xcassets in Resources */,
				D97A8C1A1BAADFA0002645F9 /* Main.storyboard in Resources */,
			);
			runOnlyForDeploymentPostprocessing = 0;
		};
/* End PBXResourcesBuildPhase section */

/* Begin PBXSourcesBuildPhase section */
		D97A8C0D1BAADF9F002645F9 /* Sources */ = {
			isa = PBXSourcesBuildPhase;
			buildActionMask = 2147483647;
			files = (
				D97A8C271BAAE5A9002645F9 /* README.md in Sources */,
				D97A8C171BAADFA0002645F9 /* ViewController.swift in Sources */,
				D97A8C151BAADFA0002645F9 /* AppDelegate.swift in Sources */,
			);
			runOnlyForDeploymentPostprocessing = 0;
		};
/* End PBXSourcesBuildPhase section */

/* Begin PBXVariantGroup section */
		D97A8C181BAADFA0002645F9 /* Main.storyboard */ = {
			isa = PBXVariantGroup;
			children = (
				D97A8C191BAADFA0002645F9 /* Base */,
			);
			name = Main.storyboard;
			sourceTree = "<group>";
		};
		D97A8C1D1BAADFA0002645F9 /* LaunchScreen.storyboard */ = {
			isa = PBXVariantGroup;
			children = (
				D97A8C1E1BAADFA0002645F9 /* Base */,
			);
			name = LaunchScreen.storyboard;
			sourceTree = "<group>";
		};
/* End PBXVariantGroup section */

/* Begin XCBuildConfiguration section */
		D97A8C211BAADFA0002645F9 /* Debug */ = {
			isa = XCBuildConfiguration;
			buildSettings = {
				ALWAYS_SEARCH_USER_PATHS = NO;
				CLANG_CXX_LANGUAGE_STANDARD = "gnu++0x";
				CLANG_CXX_LIBRARY = "libc++";
				CLANG_ENABLE_MODULES = YES;
				CLANG_ENABLE_OBJC_ARC = YES;
				CLANG_WARN_BOOL_CONVERSION = YES;
				CLANG_WARN_CONSTANT_CONVERSION = YES;
				CLANG_WARN_DIRECT_OBJC_ISA_USAGE = YES_ERROR;
				CLANG_WARN_EMPTY_BODY = YES;
				CLANG_WARN_ENUM_CONVERSION = YES;
				CLANG_WARN_INT_CONVERSION = YES;
				CLANG_WARN_OBJC_ROOT_CLASS = YES_ERROR;
				CLANG_WARN_UNREACHABLE_CODE = YES;
				CLANG_WARN__DUPLICATE_METHOD_MATCH = YES;
				"CODE_SIGN_IDENTITY[sdk=iphoneos*]" = "iPhone Developer";
				COPY_PHASE_STRIP = NO;
				DEBUG_INFORMATION_FORMAT = dwarf;
				ENABLE_STRICT_OBJC_MSGSEND = YES;
				ENABLE_TESTABILITY = YES;
				GCC_C_LANGUAGE_STANDARD = gnu99;
				GCC_DYNAMIC_NO_PIC = NO;
				GCC_NO_COMMON_BLOCKS = YES;
				GCC_OPTIMIZATION_LEVEL = 0;
				GCC_PREPROCESSOR_DEFINITIONS = (
					"DEBUG=1",
					"$(inherited)",
				);
				GCC_WARN_64_TO_32_BIT_CONVERSION = YES;
				GCC_WARN_ABOUT_RETURN_TYPE = YES_ERROR;
				GCC_WARN_UNDECLARED_SELECTOR = YES;
				GCC_WARN_UNINITIALIZED_AUTOS = YES_AGGRESSIVE;
				GCC_WARN_UNUSED_FUNCTION = YES;
				GCC_WARN_UNUSED_VARIABLE = YES;
				IPHONEOS_DEPLOYMENT_TARGET = 9.0;
				MTL_ENABLE_DEBUG_INFO = YES;
				ONLY_ACTIVE_ARCH = YES;
				SDKROOT = iphoneos;
				SWIFT_OPTIMIZATION_LEVEL = "-Onone";
			};
			name = Debug;
		};
		D97A8C221BAADFA0002645F9 /* Release */ = {
			isa = XCBuildConfiguration;
			buildSettings = {
				ALWAYS_SEARCH_USER_PATHS = NO;
				CLANG_CXX_LANGUAGE_STANDARD = "gnu++0x";
				CLANG_CXX_LIBRARY = "libc++";
				CLANG_ENABLE_MODULES = YES;
				CLANG_ENABLE_OBJC_ARC = YES;
				CLANG_WARN_BOOL_CONVERSION = YES;
				CLANG_WARN_CONSTANT_CONVERSION = YES;
				CLANG_WARN_DIRECT_OBJC_ISA_USAGE = YES_ERROR;
				CLANG_WARN_EMPTY_BODY = YES;
				CLANG_WARN_ENUM_CONVERSION = YES;
				CLANG_WARN_INT_CONVERSION = YES;
				CLANG_WARN_OBJC_ROOT_CLASS = YES_ERROR;
				CLANG_WARN_UNREACHABLE_CODE = YES;
				CLANG_WARN__DUPLICATE_METHOD_MATCH = YES;
				"CODE_SIGN_IDENTITY[sdk=iphoneos*]" = "iPhone Developer";
				COPY_PHASE_STRIP = NO;
				DEBUG_INFORMATION_FORMAT = "dwarf-with-dsym";
				ENABLE_NS_ASSERTIONS = NO;
				ENABLE_STRICT_OBJC_MSGSEND = YES;
				GCC_C_LANGUAGE_STANDARD = gnu99;
				GCC_NO_COMMON_BLOCKS = YES;
				GCC_WARN_64_TO_32_BIT_CONVERSION = YES;
				GCC_WARN_ABOUT_RETURN_TYPE = YES_ERROR;
				GCC_WARN_UNDECLARED_SELECTOR = YES;
				GCC_WARN_UNINITIALIZED_AUTOS = YES_AGGRESSIVE;
				GCC_WARN_UNUSED_FUNCTION = YES;
				GCC_WARN_UNUSED_VARIABLE = YES;
				IPHONEOS_DEPLOYMENT_TARGET = 9.0;
				MTL_ENABLE_DEBUG_INFO = NO;
				SDKROOT = iphoneos;
				VALIDATE_PRODUCT = YES;
			};
			name = Release;
		};
		D97A8C241BAADFA0002645F9 /* Debug */ = {
			isa = XCBuildConfiguration;
			buildSettings = {
				ASSETCATALOG_COMPILER_APPICON_NAME = AppIcon;
				INFOPLIST_FILE = AllianceIOS/Info.plist;
				LD_RUNPATH_SEARCH_PATHS = "$(inherited) @executable_path/Frameworks";
				PRODUCT_BUNDLE_IDENTIFIER = ourself.AllianceIOS;
				PRODUCT_NAME = "$(TARGET_NAME)";
			};
			name = Debug;
		};
		D97A8C251BAADFA0002645F9 /* Release */ = {
			isa = XCBuildConfiguration;
			buildSettings = {
				ASSETCATALOG_COMPILER_APPICON_NAME = AppIcon;
				INFOPLIST_FILE = AllianceIOS/Info.plist;
				LD_RUNPATH_SEARCH_PATHS = "$(inherited) @executable_path/Frameworks";
				PRODUCT_BUNDLE_IDENTIFIER = ourself.AllianceIOS;
				PRODUCT_NAME = "$(TARGET_NAME)";
			};
			name = Release;
		};
/* End XCBuildConfiguration section */

/* Begin XCConfigurationList section */
		D97A8C0C1BAADF9F002645F9 /* Build configuration list for PBXProject "AllianceIOS" */ = {
			isa = XCConfigurationList;
			buildConfigurations = (
				D97A8C211BAADFA0002645F9 /* Debug */,
				D97A8C221BAADFA0002645F9 /* Release */,
			);
			defaultConfigurationIsVisible = 0;
			defaultConfigurationName = Release;
		};
		D97A8C231BAADFA0002645F9 /* Build configuration list for PBXNativeTarget "AllianceIOS" */ = {
			isa = XCConfigurationList;
			buildConfigurations = (
				D97A8C241BAADFA0002645F9 /* Debug */,
				D97A8C251BAADFA0002645F9 /* Release */,
			);
			defaultConfigurationIsVisible = 0;
		};
/* End XCConfigurationList section */
	};
	rootObject = D97A8C091BAADF9F002645F9 /* Project object */;
}
